
Microsoft Visual Studio Solution File, Format Version 12.00
# Visual Studio Version 17
VisualStudioVersion = 17.9.0.0
MinimumVisualStudioVersion = 10.0.40219.1
Project("{2150E333-8FDC-42A3-9474-1A3956D46DE8}") = "src", "src", "{B8C07D80-D3D4-4CF7-BE09-EB8F8A0997B6}"
EndProject
Project("{9A19103F-16F7-4668-BE54-9A1E7A4F7556}") = "DotCompute.Core", "src\DotCompute.Core\DotCompute.Core.csproj", "{A1B2C3D4-E5F6-7890-1234-567890ABCDEF}"
EndProject
Project("{9A19103F-16F7-4668-BE54-9A1E7A4F7556}") = "DotCompute.Abstractions", "src\DotCompute.Abstractions\DotCompute.Abstractions.csproj", "{B2C3D4E5-F6A7-8901-2345-678901BCDEF0}"
EndProject
Project("{9A19103F-16F7-4668-BE54-9A1E7A4F7556}") = "DotCompute.Runtime", "src\DotCompute.Runtime\DotCompute.Runtime.csproj", "{C3D4E5F6-A7B8-9012-3456-789012CDEF01}"
EndProject
Project("{9A19103F-16F7-4668-BE54-9A1E7A4F7556}") = "DotCompute.Memory", "src\DotCompute.Memory\DotCompute.Memory.csproj", "{D4E5F6A7-B8C9-0123-4567-890123DEF012}"
EndProject
Project("{9A19103F-16F7-4668-BE54-9A1E7A4F7556}") = "DotCompute.Generators", "src\DotCompute.Generators\DotCompute.Generators.csproj", "{E5F6A7B8-C9D0-1234-5678-901234EF0123}"
EndProject
Project("{2150E333-8FDC-42A3-9474-1A3956D46DE8}") = "plugins", "plugins", "{C9D07D80-E4E5-5DA8-CF0A-FC9F9B1008C7}"
EndProject
Project("{2150E333-8FDC-42A3-9474-1A3956D46DE8}") = "backends", "backends", "{D0E18E91-F5F6-6EB9-D01B-AD0F0C2119D8}"
	ProjectSection(SolutionItems) = preProject
		plugins\backends\Directory.Build.props = plugins\backends\Directory.Build.props
	EndProjectSection
EndProject
Project("{9A19103F-16F7-4668-BE54-9A1E7A4F7556}") = "DotCompute.Backends.CPU", "plugins\backends\DotCompute.Backends.CPU\DotCompute.Backends.CPU.csproj", "{A7B8C9D0-E1F2-3456-7890-123456A01234}"
EndProject
Project("{9A19103F-16F7-4668-BE54-9A1E7A4F7556}") = "DotCompute.Backends.CPU.Tests", "plugins\backends\DotCompute.Backends.CPU\tests\DotCompute.Backends.CPU.Tests.csproj", "{B8C9D0E1-F2A3-4567-8901-234567B12345}"
EndProject
Project("{9A19103F-16F7-4668-BE54-9A1E7A4F7556}") = "DotCompute.Backends.CUDA", "plugins\backends\DotCompute.Backends.CUDA\DotCompute.Backends.CUDA.csproj", "{C8D9E0F1-A2B3-4567-8901-234567C23456}"
EndProject
Project("{2150E333-8FDC-42A3-9474-1A3956D46DE8}") = "tests", "tests", "{F2A3B4C5-D6E7-8901-2345-678901F56789}"
EndProject
Project("{9A19103F-16F7-4668-BE54-9A1E7A4F7556}") = "DotCompute.Core.Tests", "tests\DotCompute.Core.Tests\DotCompute.Core.Tests.csproj", "{B4C5D6E7-F8A9-0123-4567-890123B78901}"
EndProject
Project("{9A19103F-16F7-4668-BE54-9A1E7A4F7556}") = "DotCompute.Memory.Tests", "tests\DotCompute.Memory.Tests\DotCompute.Memory.Tests.csproj", "{C5D6E7F8-A9B0-1234-5678-901234C89012}"
EndProject
Project("{9A19103F-16F7-4668-BE54-9A1E7A4F7556}") = "DotCompute.Performance.Benchmarks", "tests\DotCompute.Performance.Benchmarks\DotCompute.Performance.Benchmarks.csproj", "{D6E7F8A9-B0C1-2345-6789-012345D90123}"
EndProject
Project("{2150E333-8FDC-42A3-9474-1A3956D46DE8}") = "samples", "samples", "{A3B4C5D6-E7F8-9012-3456-789012A67890}"
EndProject
Project("{9A19103F-16F7-4668-BE54-9A1E7A4F7556}") = "GettingStarted", "samples\GettingStarted\GettingStarted.csproj", "{F8A9B0C1-D2E3-4567-8901-234567F12345}"
EndProject
Project("{2150E333-8FDC-42A3-9474-1A3956D46DE8}") = "Solution Items", "Solution Items", "{6D575E4D-886C-4AD7-99A4-6F13217562D7}"
	ProjectSection(SolutionItems) = preProject
		.editorconfig = .editorconfig
		.gitignore = .gitignore
		Directory.Build.props = Directory.Build.props
		Directory.Packages.props = Directory.Packages.props
		global.json = global.json
		LICENSE = LICENSE
		README.md = README.md
		CONTRIBUTING.md = CONTRIBUTING.md
		SECURITY.md = SECURITY.md
	EndProjectSection
EndProject
Project("{FAE04EC0-301F-11D3-BF4B-00C04F79EFBC}") = "DotCompute.Plugins", "src\DotCompute.Plugins\DotCompute.Plugins.csproj", "{D4F9E2DE-FFC8-417F-BE9A-3695BC8D2DD4}"
EndProject
Global
	GlobalSection(SolutionConfigurationPlatforms) = preSolution
		Debug|Any CPU = Debug|Any CPU
		Debug|x64 = Debug|x64
		Debug|x86 = Debug|x86
		Release|Any CPU = Release|Any CPU
		Release|x64 = Release|x64
		Release|x86 = Release|x86
	EndGlobalSection
	GlobalSection(ProjectConfigurationPlatforms) = postSolution
		{A1B2C3D4-E5F6-7890-1234-567890ABCDEF}.Debug|Any CPU.ActiveCfg = Debug|Any CPU
		{A1B2C3D4-E5F6-7890-1234-567890ABCDEF}.Debug|Any CPU.Build.0 = Debug|Any CPU
		{A1B2C3D4-E5F6-7890-1234-567890ABCDEF}.Debug|x64.ActiveCfg = Debug|Any CPU
		{A1B2C3D4-E5F6-7890-1234-567890ABCDEF}.Debug|x64.Build.0 = Debug|Any CPU
		{A1B2C3D4-E5F6-7890-1234-567890ABCDEF}.Debug|x86.ActiveCfg = Debug|Any CPU
		{A1B2C3D4-E5F6-7890-1234-567890ABCDEF}.Debug|x86.Build.0 = Debug|Any CPU
		{A1B2C3D4-E5F6-7890-1234-567890ABCDEF}.Release|Any CPU.ActiveCfg = Release|Any CPU
		{A1B2C3D4-E5F6-7890-1234-567890ABCDEF}.Release|Any CPU.Build.0 = Release|Any CPU
		{A1B2C3D4-E5F6-7890-1234-567890ABCDEF}.Release|x64.ActiveCfg = Release|Any CPU
		{A1B2C3D4-E5F6-7890-1234-567890ABCDEF}.Release|x64.Build.0 = Release|Any CPU
		{A1B2C3D4-E5F6-7890-1234-567890ABCDEF}.Release|x86.ActiveCfg = Release|Any CPU
		{A1B2C3D4-E5F6-7890-1234-567890ABCDEF}.Release|x86.Build.0 = Release|Any CPU
		{B2C3D4E5-F6A7-8901-2345-678901BCDEF0}.Debug|Any CPU.ActiveCfg = Debug|Any CPU
		{B2C3D4E5-F6A7-8901-2345-678901BCDEF0}.Debug|Any CPU.Build.0 = Debug|Any CPU
		{B2C3D4E5-F6A7-8901-2345-678901BCDEF0}.Debug|x64.ActiveCfg = Debug|Any CPU
		{B2C3D4E5-F6A7-8901-2345-678901BCDEF0}.Debug|x64.Build.0 = Debug|Any CPU
		{B2C3D4E5-F6A7-8901-2345-678901BCDEF0}.Debug|x86.ActiveCfg = Debug|Any CPU
		{B2C3D4E5-F6A7-8901-2345-678901BCDEF0}.Debug|x86.Build.0 = Debug|Any CPU
		{B2C3D4E5-F6A7-8901-2345-678901BCDEF0}.Release|Any CPU.ActiveCfg = Release|Any CPU
		{B2C3D4E5-F6A7-8901-2345-678901BCDEF0}.Release|Any CPU.Build.0 = Release|Any CPU
		{B2C3D4E5-F6A7-8901-2345-678901BCDEF0}.Release|x64.ActiveCfg = Release|Any CPU
		{B2C3D4E5-F6A7-8901-2345-678901BCDEF0}.Release|x64.Build.0 = Release|Any CPU
		{B2C3D4E5-F6A7-8901-2345-678901BCDEF0}.Release|x86.ActiveCfg = Release|Any CPU
		{B2C3D4E5-F6A7-8901-2345-678901BCDEF0}.Release|x86.Build.0 = Release|Any CPU
		{C3D4E5F6-A7B8-9012-3456-789012CDEF01}.Debug|Any CPU.ActiveCfg = Debug|Any CPU
		{C3D4E5F6-A7B8-9012-3456-789012CDEF01}.Debug|Any CPU.Build.0 = Debug|Any CPU
		{C3D4E5F6-A7B8-9012-3456-789012CDEF01}.Debug|x64.ActiveCfg = Debug|Any CPU
		{C3D4E5F6-A7B8-9012-3456-789012CDEF01}.Debug|x64.Build.0 = Debug|Any CPU
		{C3D4E5F6-A7B8-9012-3456-789012CDEF01}.Debug|x86.ActiveCfg = Debug|Any CPU
		{C3D4E5F6-A7B8-9012-3456-789012CDEF01}.Debug|x86.Build.0 = Debug|Any CPU
		{C3D4E5F6-A7B8-9012-3456-789012CDEF01}.Release|Any CPU.ActiveCfg = Release|Any CPU
		{C3D4E5F6-A7B8-9012-3456-789012CDEF01}.Release|Any CPU.Build.0 = Release|Any CPU
		{C3D4E5F6-A7B8-9012-3456-789012CDEF01}.Release|x64.ActiveCfg = Release|Any CPU
		{C3D4E5F6-A7B8-9012-3456-789012CDEF01}.Release|x64.Build.0 = Release|Any CPU
		{C3D4E5F6-A7B8-9012-3456-789012CDEF01}.Release|x86.ActiveCfg = Release|Any CPU
		{C3D4E5F6-A7B8-9012-3456-789012CDEF01}.Release|x86.Build.0 = Release|Any CPU
		{D4E5F6A7-B8C9-0123-4567-890123DEF012}.Debug|Any CPU.ActiveCfg = Debug|Any CPU
		{D4E5F6A7-B8C9-0123-4567-890123DEF012}.Debug|Any CPU.Build.0 = Debug|Any CPU
		{D4E5F6A7-B8C9-0123-4567-890123DEF012}.Debug|x64.ActiveCfg = Debug|Any CPU
		{D4E5F6A7-B8C9-0123-4567-890123DEF012}.Debug|x64.Build.0 = Debug|Any CPU
		{D4E5F6A7-B8C9-0123-4567-890123DEF012}.Debug|x86.ActiveCfg = Debug|Any CPU
		{D4E5F6A7-B8C9-0123-4567-890123DEF012}.Debug|x86.Build.0 = Debug|Any CPU
		{D4E5F6A7-B8C9-0123-4567-890123DEF012}.Release|Any CPU.ActiveCfg = Release|Any CPU
		{D4E5F6A7-B8C9-0123-4567-890123DEF012}.Release|Any CPU.Build.0 = Release|Any CPU
		{D4E5F6A7-B8C9-0123-4567-890123DEF012}.Release|x64.ActiveCfg = Release|Any CPU
		{D4E5F6A7-B8C9-0123-4567-890123DEF012}.Release|x64.Build.0 = Release|Any CPU
		{D4E5F6A7-B8C9-0123-4567-890123DEF012}.Release|x86.ActiveCfg = Release|Any CPU
		{D4E5F6A7-B8C9-0123-4567-890123DEF012}.Release|x86.Build.0 = Release|Any CPU
		{E5F6A7B8-C9D0-1234-5678-901234EF0123}.Debug|Any CPU.ActiveCfg = Debug|Any CPU
		{E5F6A7B8-C9D0-1234-5678-901234EF0123}.Debug|Any CPU.Build.0 = Debug|Any CPU
		{E5F6A7B8-C9D0-1234-5678-901234EF0123}.Debug|x64.ActiveCfg = Debug|Any CPU
		{E5F6A7B8-C9D0-1234-5678-901234EF0123}.Debug|x64.Build.0 = Debug|Any CPU
		{E5F6A7B8-C9D0-1234-5678-901234EF0123}.Debug|x86.ActiveCfg = Debug|Any CPU
		{E5F6A7B8-C9D0-1234-5678-901234EF0123}.Debug|x86.Build.0 = Debug|Any CPU
		{E5F6A7B8-C9D0-1234-5678-901234EF0123}.Release|Any CPU.ActiveCfg = Release|Any CPU
		{E5F6A7B8-C9D0-1234-5678-901234EF0123}.Release|Any CPU.Build.0 = Release|Any CPU
		{E5F6A7B8-C9D0-1234-5678-901234EF0123}.Release|x64.ActiveCfg = Release|Any CPU
		{E5F6A7B8-C9D0-1234-5678-901234EF0123}.Release|x64.Build.0 = Release|Any CPU
		{E5F6A7B8-C9D0-1234-5678-901234EF0123}.Release|x86.ActiveCfg = Release|Any CPU
		{E5F6A7B8-C9D0-1234-5678-901234EF0123}.Release|x86.Build.0 = Release|Any CPU
		{A7B8C9D0-E1F2-3456-7890-123456A01234}.Debug|Any CPU.ActiveCfg = Debug|Any CPU
		{A7B8C9D0-E1F2-3456-7890-123456A01234}.Debug|Any CPU.Build.0 = Debug|Any CPU
		{A7B8C9D0-E1F2-3456-7890-123456A01234}.Debug|x64.ActiveCfg = Debug|Any CPU
		{A7B8C9D0-E1F2-3456-7890-123456A01234}.Debug|x64.Build.0 = Debug|Any CPU
		{A7B8C9D0-E1F2-3456-7890-123456A01234}.Debug|x86.ActiveCfg = Debug|Any CPU
		{A7B8C9D0-E1F2-3456-7890-123456A01234}.Debug|x86.Build.0 = Debug|Any CPU
		{A7B8C9D0-E1F2-3456-7890-123456A01234}.Release|Any CPU.ActiveCfg = Release|Any CPU
		{A7B8C9D0-E1F2-3456-7890-123456A01234}.Release|Any CPU.Build.0 = Release|Any CPU
		{A7B8C9D0-E1F2-3456-7890-123456A01234}.Release|x64.ActiveCfg = Release|Any CPU
		{A7B8C9D0-E1F2-3456-7890-123456A01234}.Release|x64.Build.0 = Release|Any CPU
		{A7B8C9D0-E1F2-3456-7890-123456A01234}.Release|x86.ActiveCfg = Release|Any CPU
		{A7B8C9D0-E1F2-3456-7890-123456A01234}.Release|x86.Build.0 = Release|Any CPU
		{B8C9D0E1-F2A3-4567-8901-234567B12345}.Debug|Any CPU.ActiveCfg = Debug|Any CPU
		{B8C9D0E1-F2A3-4567-8901-234567B12345}.Debug|Any CPU.Build.0 = Debug|Any CPU
		{B8C9D0E1-F2A3-4567-8901-234567B12345}.Debug|x64.ActiveCfg = Debug|Any CPU
		{B8C9D0E1-F2A3-4567-8901-234567B12345}.Debug|x64.Build.0 = Debug|Any CPU
		{B8C9D0E1-F2A3-4567-8901-234567B12345}.Debug|x86.ActiveCfg = Debug|Any CPU
		{B8C9D0E1-F2A3-4567-8901-234567B12345}.Debug|x86.Build.0 = Debug|Any CPU
		{B8C9D0E1-F2A3-4567-8901-234567B12345}.Release|Any CPU.ActiveCfg = Release|Any CPU
		{B8C9D0E1-F2A3-4567-8901-234567B12345}.Release|Any CPU.Build.0 = Release|Any CPU
		{B8C9D0E1-F2A3-4567-8901-234567B12345}.Release|x64.ActiveCfg = Release|Any CPU
		{B8C9D0E1-F2A3-4567-8901-234567B12345}.Release|x64.Build.0 = Release|Any CPU
		{B8C9D0E1-F2A3-4567-8901-234567B12345}.Release|x86.ActiveCfg = Release|Any CPU
		{B8C9D0E1-F2A3-4567-8901-234567B12345}.Release|x86.Build.0 = Release|Any CPU
		{B4C5D6E7-F8A9-0123-4567-890123B78901}.Debug|Any CPU.ActiveCfg = Debug|Any CPU
		{B4C5D6E7-F8A9-0123-4567-890123B78901}.Debug|Any CPU.Build.0 = Debug|Any CPU
		{B4C5D6E7-F8A9-0123-4567-890123B78901}.Debug|x64.ActiveCfg = Debug|Any CPU
		{B4C5D6E7-F8A9-0123-4567-890123B78901}.Debug|x64.Build.0 = Debug|Any CPU
		{B4C5D6E7-F8A9-0123-4567-890123B78901}.Debug|x86.ActiveCfg = Debug|Any CPU
		{B4C5D6E7-F8A9-0123-4567-890123B78901}.Debug|x86.Build.0 = Debug|Any CPU
		{B4C5D6E7-F8A9-0123-4567-890123B78901}.Release|Any CPU.ActiveCfg = Release|Any CPU
		{B4C5D6E7-F8A9-0123-4567-890123B78901}.Release|Any CPU.Build.0 = Release|Any CPU
		{B4C5D6E7-F8A9-0123-4567-890123B78901}.Release|x64.ActiveCfg = Release|Any CPU
		{B4C5D6E7-F8A9-0123-4567-890123B78901}.Release|x64.Build.0 = Release|Any CPU
		{B4C5D6E7-F8A9-0123-4567-890123B78901}.Release|x86.ActiveCfg = Release|Any CPU
		{B4C5D6E7-F8A9-0123-4567-890123B78901}.Release|x86.Build.0 = Release|Any CPU
		{C5D6E7F8-A9B0-1234-5678-901234C89012}.Debug|Any CPU.ActiveCfg = Debug|Any CPU
		{C5D6E7F8-A9B0-1234-5678-901234C89012}.Debug|Any CPU.Build.0 = Debug|Any CPU
		{C5D6E7F8-A9B0-1234-5678-901234C89012}.Debug|x64.ActiveCfg = Debug|Any CPU
		{C5D6E7F8-A9B0-1234-5678-901234C89012}.Debug|x64.Build.0 = Debug|Any CPU
		{C5D6E7F8-A9B0-1234-5678-901234C89012}.Debug|x86.ActiveCfg = Debug|Any CPU
		{C5D6E7F8-A9B0-1234-5678-901234C89012}.Debug|x86.Build.0 = Debug|Any CPU
		{C5D6E7F8-A9B0-1234-5678-901234C89012}.Release|Any CPU.ActiveCfg = Release|Any CPU
		{C5D6E7F8-A9B0-1234-5678-901234C89012}.Release|Any CPU.Build.0 = Release|Any CPU
		{C5D6E7F8-A9B0-1234-5678-901234C89012}.Release|x64.ActiveCfg = Release|Any CPU
		{C5D6E7F8-A9B0-1234-5678-901234C89012}.Release|x64.Build.0 = Release|Any CPU
		{C5D6E7F8-A9B0-1234-5678-901234C89012}.Release|x86.ActiveCfg = Release|Any CPU
		{C5D6E7F8-A9B0-1234-5678-901234C89012}.Release|x86.Build.0 = Release|Any CPU
		{D6E7F8A9-B0C1-2345-6789-012345D90123}.Debug|Any CPU.ActiveCfg = Debug|Any CPU
		{D6E7F8A9-B0C1-2345-6789-012345D90123}.Debug|Any CPU.Build.0 = Debug|Any CPU
		{D6E7F8A9-B0C1-2345-6789-012345D90123}.Debug|x64.ActiveCfg = Debug|Any CPU
		{D6E7F8A9-B0C1-2345-6789-012345D90123}.Debug|x64.Build.0 = Debug|Any CPU
		{D6E7F8A9-B0C1-2345-6789-012345D90123}.Debug|x86.ActiveCfg = Debug|Any CPU
		{D6E7F8A9-B0C1-2345-6789-012345D90123}.Debug|x86.Build.0 = Debug|Any CPU
		{D6E7F8A9-B0C1-2345-6789-012345D90123}.Release|Any CPU.ActiveCfg = Release|Any CPU
		{D6E7F8A9-B0C1-2345-6789-012345D90123}.Release|Any CPU.Build.0 = Release|Any CPU
		{D6E7F8A9-B0C1-2345-6789-012345D90123}.Release|x64.ActiveCfg = Release|Any CPU
		{D6E7F8A9-B0C1-2345-6789-012345D90123}.Release|x64.Build.0 = Release|Any CPU
		{D6E7F8A9-B0C1-2345-6789-012345D90123}.Release|x86.ActiveCfg = Release|Any CPU
		{D6E7F8A9-B0C1-2345-6789-012345D90123}.Release|x86.Build.0 = Release|Any CPU
		{F8A9B0C1-D2E3-4567-8901-234567F12345}.Debug|Any CPU.ActiveCfg = Debug|Any CPU
		{F8A9B0C1-D2E3-4567-8901-234567F12345}.Debug|Any CPU.Build.0 = Debug|Any CPU
		{F8A9B0C1-D2E3-4567-8901-234567F12345}.Debug|x64.ActiveCfg = Debug|Any CPU
		{F8A9B0C1-D2E3-4567-8901-234567F12345}.Debug|x64.Build.0 = Debug|Any CPU
		{F8A9B0C1-D2E3-4567-8901-234567F12345}.Debug|x86.ActiveCfg = Debug|Any CPU
		{F8A9B0C1-D2E3-4567-8901-234567F12345}.Debug|x86.Build.0 = Debug|Any CPU
		{F8A9B0C1-D2E3-4567-8901-234567F12345}.Release|Any CPU.ActiveCfg = Release|Any CPU
		{F8A9B0C1-D2E3-4567-8901-234567F12345}.Release|Any CPU.Build.0 = Release|Any CPU
		{F8A9B0C1-D2E3-4567-8901-234567F12345}.Release|x64.ActiveCfg = Release|Any CPU
		{F8A9B0C1-D2E3-4567-8901-234567F12345}.Release|x64.Build.0 = Release|Any CPU
		{F8A9B0C1-D2E3-4567-8901-234567F12345}.Release|x86.ActiveCfg = Release|Any CPU
		{F8A9B0C1-D2E3-4567-8901-234567F12345}.Release|x86.Build.0 = Release|Any CPU
		{D4F9E2DE-FFC8-417F-BE9A-3695BC8D2DD4}.Debug|Any CPU.ActiveCfg = Debug|Any CPU
		{D4F9E2DE-FFC8-417F-BE9A-3695BC8D2DD4}.Debug|Any CPU.Build.0 = Debug|Any CPU
		{D4F9E2DE-FFC8-417F-BE9A-3695BC8D2DD4}.Debug|x64.ActiveCfg = Debug|Any CPU
		{D4F9E2DE-FFC8-417F-BE9A-3695BC8D2DD4}.Debug|x64.Build.0 = Debug|Any CPU
		{D4F9E2DE-FFC8-417F-BE9A-3695BC8D2DD4}.Debug|x86.ActiveCfg = Debug|Any CPU
		{D4F9E2DE-FFC8-417F-BE9A-3695BC8D2DD4}.Debug|x86.Build.0 = Debug|Any CPU
		{D4F9E2DE-FFC8-417F-BE9A-3695BC8D2DD4}.Release|Any CPU.ActiveCfg = Release|Any CPU
		{D4F9E2DE-FFC8-417F-BE9A-3695BC8D2DD4}.Release|Any CPU.Build.0 = Release|Any CPU
		{D4F9E2DE-FFC8-417F-BE9A-3695BC8D2DD4}.Release|x64.ActiveCfg = Release|Any CPU
		{D4F9E2DE-FFC8-417F-BE9A-3695BC8D2DD4}.Release|x64.Build.0 = Release|Any CPU
		{D4F9E2DE-FFC8-417F-BE9A-3695BC8D2DD4}.Release|x86.ActiveCfg = Release|Any CPU
		{D4F9E2DE-FFC8-417F-BE9A-3695BC8D2DD4}.Release|x86.Build.0 = Release|Any CPU
		{C8D9E0F1-A2B3-4567-8901-234567C23456}.Debug|Any CPU.ActiveCfg = Debug|Any CPU
		{C8D9E0F1-A2B3-4567-8901-234567C23456}.Debug|Any CPU.Build.0 = Debug|Any CPU
		{C8D9E0F1-A2B3-4567-8901-234567C23456}.Debug|x64.ActiveCfg = Debug|Any CPU
		{C8D9E0F1-A2B3-4567-8901-234567C23456}.Debug|x64.Build.0 = Debug|Any CPU
		{C8D9E0F1-A2B3-4567-8901-234567C23456}.Debug|x86.ActiveCfg = Debug|Any CPU
		{C8D9E0F1-A2B3-4567-8901-234567C23456}.Debug|x86.Build.0 = Debug|Any CPU
		{C8D9E0F1-A2B3-4567-8901-234567C23456}.Release|Any CPU.ActiveCfg = Release|Any CPU
		{C8D9E0F1-A2B3-4567-8901-234567C23456}.Release|Any CPU.Build.0 = Release|Any CPU
		{C8D9E0F1-A2B3-4567-8901-234567C23456}.Release|x64.ActiveCfg = Release|Any CPU
		{C8D9E0F1-A2B3-4567-8901-234567C23456}.Release|x64.Build.0 = Release|Any CPU
		{C8D9E0F1-A2B3-4567-8901-234567C23456}.Release|x86.ActiveCfg = Release|Any CPU
		{C8D9E0F1-A2B3-4567-8901-234567C23456}.Release|x86.Build.0 = Release|Any CPU
	EndGlobalSection
	GlobalSection(SolutionProperties) = preSolution
		HideSolutionNode = FALSE
	EndGlobalSection
	GlobalSection(NestedProjects) = preSolution
		{A1B2C3D4-E5F6-7890-1234-567890ABCDEF} = {B8C07D80-D3D4-4CF7-BE09-EB8F8A0997B6}
		{B2C3D4E5-F6A7-8901-2345-678901BCDEF0} = {B8C07D80-D3D4-4CF7-BE09-EB8F8A0997B6}
		{C3D4E5F6-A7B8-9012-3456-789012CDEF01} = {B8C07D80-D3D4-4CF7-BE09-EB8F8A0997B6}
		{D4E5F6A7-B8C9-0123-4567-890123DEF012} = {B8C07D80-D3D4-4CF7-BE09-EB8F8A0997B6}
		{E5F6A7B8-C9D0-1234-5678-901234EF0123} = {B8C07D80-D3D4-4CF7-BE09-EB8F8A0997B6}
		{D0E18E91-F5F6-6EB9-D01B-AD0F0C2119D8} = {C9D07D80-E4E5-5DA8-CF0A-FC9F9B1008C7}
		{A7B8C9D0-E1F2-3456-7890-123456A01234} = {D0E18E91-F5F6-6EB9-D01B-AD0F0C2119D8}
		{B8C9D0E1-F2A3-4567-8901-234567B12345} = {D0E18E91-F5F6-6EB9-D01B-AD0F0C2119D8}
		{C8D9E0F1-A2B3-4567-8901-234567C23456} = {D0E18E91-F5F6-6EB9-D01B-AD0F0C2119D8}
		{B4C5D6E7-F8A9-0123-4567-890123B78901} = {F2A3B4C5-D6E7-8901-2345-678901F56789}
		{C5D6E7F8-A9B0-1234-5678-901234C89012} = {F2A3B4C5-D6E7-8901-2345-678901F56789}
		{D6E7F8A9-B0C1-2345-6789-012345D90123} = {F2A3B4C5-D6E7-8901-2345-678901F56789}
		{F8A9B0C1-D2E3-4567-8901-234567F12345} = {A3B4C5D6-E7F8-9012-3456-789012A67890}
		{D4F9E2DE-FFC8-417F-BE9A-3695BC8D2DD4} = {B8C07D80-D3D4-4CF7-BE09-EB8F8A0997B6}
	EndGlobalSection
	GlobalSection(ExtensibilityGlobals) = postSolution
		SolutionGuid = {C5D6E7F8-A9B0-1234-5678-901234C89012}
	EndGlobalSection
EndGlobal
