
Microsoft Visual Studio Solution File, Format Version 12.00
# Visual Studio Version 17
VisualStudioVersion = 17.9.0.0
MinimumVisualStudioVersion = 10.0.40219.1
Project("{2150E333-8FDC-42A3-9474-1A3956D46DE8}") = "src", "src", "{B8C07D80-D3D4-4CF7-BE09-EB8F8A0997B6}"
EndProject
Project("{9A19103F-16F7-4668-BE54-9A1E7A4F7556}") = "DotCompute.Core", "src\Core\DotCompute.Core\DotCompute.Core.csproj", "{A1B2C3D4-E5F6-7890-1234-567890ABCDEF}"
EndProject
Project("{9A19103F-16F7-4668-BE54-9A1E7A4F7556}") = "DotCompute.Abstractions", "src\Core\DotCompute.Abstractions\DotCompute.Abstractions.csproj", "{B2C3D4E5-F6A7-8901-2345-678901BCDEF0}"
EndProject
Project("{9A19103F-16F7-4668-BE54-9A1E7A4F7556}") = "DotCompute.Runtime", "src\Runtime\DotCompute.Runtime\DotCompute.Runtime.csproj", "{C3D4E5F6-A7B8-9012-3456-789012CDEF01}"
EndProject
Project("{9A19103F-16F7-4668-BE54-9A1E7A4F7556}") = "DotCompute.Memory", "src\Core\DotCompute.Memory\DotCompute.Memory.csproj", "{D4E5F6A7-B8C9-0123-4567-890123DEF012}"
EndProject
Project("{9A19103F-16F7-4668-BE54-9A1E7A4F7556}") = "DotCompute.Generators", "src\Runtime\DotCompute.Generators\DotCompute.Generators.csproj", "{E5F6A7B8-C9D0-1234-5678-901234EF0123}"
EndProject
Project("{2150E333-8FDC-42A3-9474-1A3956D46DE8}") = "plugins", "plugins", "{C9D07D80-E4E5-5DA8-CF0A-FC9F9B1008C7}"
EndProject
Project("{2150E333-8FDC-42A3-9474-1A3956D46DE8}") = "backends", "backends", "{D0E18E91-F5F6-6EB9-D01B-AD0F0C2119D8}"
EndProject
Project("{9A19103F-16F7-4668-BE54-9A1E7A4F7556}") = "DotCompute.Backends.CPU", "src\Backends\DotCompute.Backends.CPU\DotCompute.Backends.CPU.csproj", "{A7B8C9D0-E1F2-3456-7890-123456A01234}"
EndProject
Project("{9A19103F-16F7-4668-BE54-9A1E7A4F7556}") = "DotCompute.Backends.CPU.Tests", "tests\Unit\DotCompute.Backends.CPU.Tests\DotCompute.Backends.CPU.Tests.csproj", "{B8C9D0E1-F2A3-4567-8901-234567B12345}"
EndProject
Project("{9A19103F-16F7-4668-BE54-9A1E7A4F7556}") = "DotCompute.Backends.CUDA", "src\Backends\DotCompute.Backends.CUDA\DotCompute.Backends.CUDA.csproj", "{C8D9E0F1-A2B3-4567-8901-234567C23456}"
EndProject
Project("{2150E333-8FDC-42A3-9474-1A3956D46DE8}") = "tests", "tests", "{F2A3B4C5-D6E7-8901-2345-678901F56789}"
EndProject
Project("{2150E333-8FDC-42A3-9474-1A3956D46DE8}") = "samples", "samples", "{A3B4C5D6-E7F8-9012-3456-789012A67890}"
EndProject
Project("{9A19103F-16F7-4668-BE54-9A1E7A4F7556}") = "GettingStarted", "samples\GettingStarted\GettingStarted.csproj", "{F8A9B0C1-D2E3-4567-8901-234567F12345}"
EndProject
Project("{2150E333-8FDC-42A3-9474-1A3956D46DE8}") = "Solution Items", "Solution Items", "{6D575E4D-886C-4AD7-99A4-6F13217562D7}"
	ProjectSection(SolutionItems) = preProject
		.editorconfig = .editorconfig
		.gitignore = .gitignore
		CONTRIBUTING.md = CONTRIBUTING.md
		Directory.Build.props = Directory.Build.props
		global.json = global.json
		LICENSE = LICENSE
		README.md = README.md
		SECURITY.md = SECURITY.md
	EndProjectSection
EndProject
Project("{FAE04EC0-301F-11D3-BF4B-00C04F79EFBC}") = "DotCompute.Plugins", "src\Runtime\DotCompute.Plugins\DotCompute.Plugins.csproj", "{D4F9E2DE-FFC8-417F-BE9A-3695BC8D2DD4}"
EndProject
Project("{FAE04EC0-301F-11D3-BF4B-00C04F79EFBC}") = "DotCompute.Backends.Metal", "src\Backends\DotCompute.Backends.Metal\DotCompute.Backends.Metal.csproj", "{63B77DCC-1D03-4D28-9898-C292EFFFD25B}"
EndProject
Project("{FAE04EC0-301F-11D3-BF4B-00C04F79EFBC}") = "SimpleExample", "samples\SimpleExample\SimpleExample.csproj", "{D310BD6A-A2DD-4243-A6D7-47F8C0B22E63}"
EndProject
Project("{9A19103F-16F7-4668-BE54-9A1E7A4F7556}") = "DotCompute.Tests.Common", "tests\Shared\DotCompute.Tests.Common\DotCompute.Tests.Common.csproj", "{E8F9A0B1-C2D3-4567-8901-234567E23456}"
EndProject
Project("{FAE04EC0-301F-11D3-BF4B-00C04F79EFBC}") = "DotCompute.BasicTests", "tests\Unit\DotCompute.BasicTests\DotCompute.BasicTests.csproj", "{1494B825-2D58-4D89-A2F7-86AACC27BD77}"
EndProject
Project("{FAE04EC0-301F-11D3-BF4B-00C04F79EFBC}") = "DotCompute.Abstractions.Tests", "tests\Unit\DotCompute.Abstractions.Tests\DotCompute.Abstractions.Tests.csproj", "{A8C5E192-FC7B-4914-B15C-3F16A8CEC37C}"
EndProject
Project("{FAE04EC0-301F-11D3-BF4B-00C04F79EFBC}") = "DotCompute.Core.Tests", "tests\Unit\DotCompute.Core.Tests\DotCompute.Core.Tests.csproj", "{0E7EC89F-C665-490E-9EB1-923668D90727}"
EndProject
Project("{FAE04EC0-301F-11D3-BF4B-00C04F79EFBC}") = "DotCompute.Memory.Tests", "tests\Unit\DotCompute.Memory.Tests\DotCompute.Memory.Tests.csproj", "{004AA9ED-60C1-456B-B02B-3FE14F1E6B22}"
EndProject
Project("{FAE04EC0-301F-11D3-BF4B-00C04F79EFBC}") = "DotCompute.Plugins.Tests", "tests\Unit\DotCompute.Plugins.Tests\DotCompute.Plugins.Tests.csproj", "{9482AE6C-2CD9-49A8-80E1-39E69B965C58}"
EndProject
Project("{FAE04EC0-301F-11D3-BF4B-00C04F79EFBC}") = "DotCompute.Integration.Tests", "tests\Integration\DotCompute.Integration.Tests\DotCompute.Integration.Tests.csproj", "{F5A2B3C4-D5E6-7890-1234-567890F67890}"
EndProject
Project("{FAE04EC0-301F-11D3-BF4B-00C04F79EFBC}") = "DotCompute.Algorithms", "src\Extensions\DotCompute.Algorithms\DotCompute.Algorithms.csproj", "{119FB848-DC67-4AE9-855E-10AFAA05D2C4}"
EndProject
Project("{FAE04EC0-301F-11D3-BF4B-00C04F79EFBC}") = "DotCompute.Hardware.Mock.Tests", "tests\Hardware\DotCompute.Hardware.Mock.Tests\DotCompute.Hardware.Mock.Tests.csproj", "{6BFB1664-B8E5-4F17-AF62-BE1E277A0562}"
EndProject
Project("{FAE04EC0-301F-11D3-BF4B-00C04F79EFBC}") = "DotCompute.Tests.Mocks", "tests\Shared\DotCompute.Tests.Mocks\DotCompute.Tests.Mocks.csproj", "{1F4485B6-A9B6-4F9D-8BB1-ADA0AB93633D}"
EndProject
Project("{FAE04EC0-301F-11D3-BF4B-00C04F79EFBC}") = "DotCompute.Hardware.Cuda.Tests", "tests\Hardware\DotCompute.Hardware.Cuda.Tests\DotCompute.Hardware.Cuda.Tests.csproj", "{AF567DFD-1658-4A3F-A666-95B4203AE6F3}"
EndProject
Project("{2150E333-8FDC-42A3-9474-1A3956D46DE8}") = "benchmarks", "benchmarks", "{66320409-64EC-F7C5-3DEF-65E7510DAAD1}"
EndProject
Project("{FAE04EC0-301F-11D3-BF4B-00C04F79EFBC}") = "DotCompute.Benchmarks", "benchmarks\DotCompute.Benchmarks\DotCompute.Benchmarks.csproj", "{06E5F360-73DA-47BB-BB59-E0177A155850}"
EndProject
Project("{2150E333-8FDC-42A3-9474-1A3956D46DE8}") = "Hardware", "Hardware", "{CC9B120C-1FF3-033C-A18D-E21CB9500133}"
EndProject
Project("{FAE04EC0-301F-11D3-BF4B-00C04F79EFBC}") = "DotCompute.Hardware.OpenCL.Tests", "tests\Hardware\DotCompute.Hardware.OpenCL.Tests\DotCompute.Hardware.OpenCL.Tests.csproj", "{88B20AB6-705C-4A1B-8140-BDE3DC3BA5F7}"
EndProject
Project("{FAE04EC0-301F-11D3-BF4B-00C04F79EFBC}") = "DotCompute.Hardware.DirectCompute.Tests", "tests\Hardware\DotCompute.Hardware.DirectCompute.Tests\DotCompute.Hardware.DirectCompute.Tests.csproj", "{B7744EC4-D3C1-4936-B26C-6B5990C262AC}"
EndProject
Project("{FAE04EC0-301F-11D3-BF4B-00C04F79EFBC}") = "DotCompute.Tests.Implementations", "tests\Shared\DotCompute.Tests.Implementations\DotCompute.Tests.Implementations.csproj", "{37F5D835-1802-E126-311C-42386FD56337}"
EndProject
Project("{FAE04EC0-301F-11D3-BF4B-00C04F79EFBC}") = "DotCompute.SharedTestUtilities", "tests\Shared\DotCompute.SharedTestUtilities\DotCompute.SharedTestUtilities.csproj", "{6B29825A-A9AC-178E-F693-39B09A98197E}"
EndProject
Project("{FAE04EC0-301F-11D3-BF4B-00C04F79EFBC}") = "DotCompute.Hardware.RTX2000.Tests", "tests\Hardware\DotCompute.Hardware.RTX2000.Tests\DotCompute.Hardware.RTX2000.Tests.csproj", "{54653D77-2F3E-4B0A-B243-6D89FF83F0BF}"
EndProject
Project("{9A19103F-16F7-4668-BE54-9A1E7A4F7556}") = "DotCompute.Linq", "src\Extensions\DotCompute.Linq\DotCompute.Linq.csproj", "{3C4A5A3C-7E4D-4F4B-8F4B-3A2B1A2B3C3C}"
EndProject
Project("{2150E333-8FDC-42A3-9474-1A3956D46DE8}") = "Unit", "Unit", "{37D46098-A5E7-083B-E127-710387E4F3D6}"
EndProject
Global
	GlobalSection(SolutionConfigurationPlatforms) = preSolution
		Debug|Any CPU = Debug|Any CPU
		Debug|x64 = Debug|x64
		Debug|x86 = Debug|x86
		Release|Any CPU = Release|Any CPU
		Release|x64 = Release|x64
		Release|x86 = Release|x86
	EndGlobalSection
	GlobalSection(ProjectConfigurationPlatforms) = postSolution
		{A1B2C3D4-E5F6-7890-1234-567890ABCDEF}.Debug|Any CPU.ActiveCfg = Debug|Any CPU
		{A1B2C3D4-E5F6-7890-1234-567890ABCDEF}.Debug|Any CPU.Build.0 = Debug|Any CPU
		{A1B2C3D4-E5F6-7890-1234-567890ABCDEF}.Debug|x64.ActiveCfg = Debug|Any CPU
		{A1B2C3D4-E5F6-7890-1234-567890ABCDEF}.Debug|x64.Build.0 = Debug|Any CPU
		{A1B2C3D4-E5F6-7890-1234-567890ABCDEF}.Debug|x86.ActiveCfg = Debug|Any CPU
		{A1B2C3D4-E5F6-7890-1234-567890ABCDEF}.Debug|x86.Build.0 = Debug|Any CPU
		{A1B2C3D4-E5F6-7890-1234-567890ABCDEF}.Release|Any CPU.ActiveCfg = Release|Any CPU
		{A1B2C3D4-E5F6-7890-1234-567890ABCDEF}.Release|Any CPU.Build.0 = Release|Any CPU
		{A1B2C3D4-E5F6-7890-1234-567890ABCDEF}.Release|x64.ActiveCfg = Release|Any CPU
		{A1B2C3D4-E5F6-7890-1234-567890ABCDEF}.Release|x64.Build.0 = Release|Any CPU
		{A1B2C3D4-E5F6-7890-1234-567890ABCDEF}.Release|x86.ActiveCfg = Release|Any CPU
		{A1B2C3D4-E5F6-7890-1234-567890ABCDEF}.Release|x86.Build.0 = Release|Any CPU
		{B2C3D4E5-F6A7-8901-2345-678901BCDEF0}.Debug|Any CPU.ActiveCfg = Debug|Any CPU
		{B2C3D4E5-F6A7-8901-2345-678901BCDEF0}.Debug|Any CPU.Build.0 = Debug|Any CPU
		{B2C3D4E5-F6A7-8901-2345-678901BCDEF0}.Debug|x64.ActiveCfg = Debug|Any CPU
		{B2C3D4E5-F6A7-8901-2345-678901BCDEF0}.Debug|x64.Build.0 = Debug|Any CPU
		{B2C3D4E5-F6A7-8901-2345-678901BCDEF0}.Debug|x86.ActiveCfg = Debug|Any CPU
		{B2C3D4E5-F6A7-8901-2345-678901BCDEF0}.Debug|x86.Build.0 = Debug|Any CPU
		{B2C3D4E5-F6A7-8901-2345-678901BCDEF0}.Release|Any CPU.ActiveCfg = Release|Any CPU
		{B2C3D4E5-F6A7-8901-2345-678901BCDEF0}.Release|Any CPU.Build.0 = Release|Any CPU
		{B2C3D4E5-F6A7-8901-2345-678901BCDEF0}.Release|x64.ActiveCfg = Release|Any CPU
		{B2C3D4E5-F6A7-8901-2345-678901BCDEF0}.Release|x64.Build.0 = Release|Any CPU
		{B2C3D4E5-F6A7-8901-2345-678901BCDEF0}.Release|x86.ActiveCfg = Release|Any CPU
		{B2C3D4E5-F6A7-8901-2345-678901BCDEF0}.Release|x86.Build.0 = Release|Any CPU
		{C3D4E5F6-A7B8-9012-3456-789012CDEF01}.Debug|Any CPU.ActiveCfg = Debug|Any CPU
		{C3D4E5F6-A7B8-9012-3456-789012CDEF01}.Debug|Any CPU.Build.0 = Debug|Any CPU
		{C3D4E5F6-A7B8-9012-3456-789012CDEF01}.Debug|x64.ActiveCfg = Debug|Any CPU
		{C3D4E5F6-A7B8-9012-3456-789012CDEF01}.Debug|x64.Build.0 = Debug|Any CPU
		{C3D4E5F6-A7B8-9012-3456-789012CDEF01}.Debug|x86.ActiveCfg = Debug|Any CPU
		{C3D4E5F6-A7B8-9012-3456-789012CDEF01}.Debug|x86.Build.0 = Debug|Any CPU
		{C3D4E5F6-A7B8-9012-3456-789012CDEF01}.Release|Any CPU.ActiveCfg = Release|Any CPU
		{C3D4E5F6-A7B8-9012-3456-789012CDEF01}.Release|Any CPU.Build.0 = Release|Any CPU
		{C3D4E5F6-A7B8-9012-3456-789012CDEF01}.Release|x64.ActiveCfg = Release|Any CPU
		{C3D4E5F6-A7B8-9012-3456-789012CDEF01}.Release|x64.Build.0 = Release|Any CPU
		{C3D4E5F6-A7B8-9012-3456-789012CDEF01}.Release|x86.ActiveCfg = Release|Any CPU
		{C3D4E5F6-A7B8-9012-3456-789012CDEF01}.Release|x86.Build.0 = Release|Any CPU
		{D4E5F6A7-B8C9-0123-4567-890123DEF012}.Debug|Any CPU.ActiveCfg = Debug|Any CPU
		{D4E5F6A7-B8C9-0123-4567-890123DEF012}.Debug|Any CPU.Build.0 = Debug|Any CPU
		{D4E5F6A7-B8C9-0123-4567-890123DEF012}.Debug|x64.ActiveCfg = Debug|Any CPU
		{D4E5F6A7-B8C9-0123-4567-890123DEF012}.Debug|x64.Build.0 = Debug|Any CPU
		{D4E5F6A7-B8C9-0123-4567-890123DEF012}.Debug|x86.ActiveCfg = Debug|Any CPU
		{D4E5F6A7-B8C9-0123-4567-890123DEF012}.Debug|x86.Build.0 = Debug|Any CPU
		{D4E5F6A7-B8C9-0123-4567-890123DEF012}.Release|Any CPU.ActiveCfg = Release|Any CPU
		{D4E5F6A7-B8C9-0123-4567-890123DEF012}.Release|Any CPU.Build.0 = Release|Any CPU
		{D4E5F6A7-B8C9-0123-4567-890123DEF012}.Release|x64.ActiveCfg = Release|Any CPU
		{D4E5F6A7-B8C9-0123-4567-890123DEF012}.Release|x64.Build.0 = Release|Any CPU
		{D4E5F6A7-B8C9-0123-4567-890123DEF012}.Release|x86.ActiveCfg = Release|Any CPU
		{D4E5F6A7-B8C9-0123-4567-890123DEF012}.Release|x86.Build.0 = Release|Any CPU
		{E5F6A7B8-C9D0-1234-5678-901234EF0123}.Debug|Any CPU.ActiveCfg = Debug|Any CPU
		{E5F6A7B8-C9D0-1234-5678-901234EF0123}.Debug|Any CPU.Build.0 = Debug|Any CPU
		{E5F6A7B8-C9D0-1234-5678-901234EF0123}.Debug|x64.ActiveCfg = Debug|Any CPU
		{E5F6A7B8-C9D0-1234-5678-901234EF0123}.Debug|x64.Build.0 = Debug|Any CPU
		{E5F6A7B8-C9D0-1234-5678-901234EF0123}.Debug|x86.ActiveCfg = Debug|Any CPU
		{E5F6A7B8-C9D0-1234-5678-901234EF0123}.Debug|x86.Build.0 = Debug|Any CPU
		{E5F6A7B8-C9D0-1234-5678-901234EF0123}.Release|Any CPU.ActiveCfg = Release|Any CPU
		{E5F6A7B8-C9D0-1234-5678-901234EF0123}.Release|Any CPU.Build.0 = Release|Any CPU
		{E5F6A7B8-C9D0-1234-5678-901234EF0123}.Release|x64.ActiveCfg = Release|Any CPU
		{E5F6A7B8-C9D0-1234-5678-901234EF0123}.Release|x64.Build.0 = Release|Any CPU
		{E5F6A7B8-C9D0-1234-5678-901234EF0123}.Release|x86.ActiveCfg = Release|Any CPU
		{E5F6A7B8-C9D0-1234-5678-901234EF0123}.Release|x86.Build.0 = Release|Any CPU
		{A7B8C9D0-E1F2-3456-7890-123456A01234}.Debug|Any CPU.ActiveCfg = Debug|Any CPU
		{A7B8C9D0-E1F2-3456-7890-123456A01234}.Debug|Any CPU.Build.0 = Debug|Any CPU
		{A7B8C9D0-E1F2-3456-7890-123456A01234}.Debug|x64.ActiveCfg = Debug|Any CPU
		{A7B8C9D0-E1F2-3456-7890-123456A01234}.Debug|x64.Build.0 = Debug|Any CPU
		{A7B8C9D0-E1F2-3456-7890-123456A01234}.Debug|x86.ActiveCfg = Debug|Any CPU
		{A7B8C9D0-E1F2-3456-7890-123456A01234}.Debug|x86.Build.0 = Debug|Any CPU
		{A7B8C9D0-E1F2-3456-7890-123456A01234}.Release|Any CPU.ActiveCfg = Release|Any CPU
		{A7B8C9D0-E1F2-3456-7890-123456A01234}.Release|Any CPU.Build.0 = Release|Any CPU
		{A7B8C9D0-E1F2-3456-7890-123456A01234}.Release|x64.ActiveCfg = Release|Any CPU
		{A7B8C9D0-E1F2-3456-7890-123456A01234}.Release|x64.Build.0 = Release|Any CPU
		{A7B8C9D0-E1F2-3456-7890-123456A01234}.Release|x86.ActiveCfg = Release|Any CPU
		{A7B8C9D0-E1F2-3456-7890-123456A01234}.Release|x86.Build.0 = Release|Any CPU
		{B8C9D0E1-F2A3-4567-8901-234567B12345}.Debug|Any CPU.ActiveCfg = Debug|Any CPU
		{B8C9D0E1-F2A3-4567-8901-234567B12345}.Debug|Any CPU.Build.0 = Debug|Any CPU
		{B8C9D0E1-F2A3-4567-8901-234567B12345}.Debug|x64.ActiveCfg = Debug|Any CPU
		{B8C9D0E1-F2A3-4567-8901-234567B12345}.Debug|x64.Build.0 = Debug|Any CPU
		{B8C9D0E1-F2A3-4567-8901-234567B12345}.Debug|x86.ActiveCfg = Debug|Any CPU
		{B8C9D0E1-F2A3-4567-8901-234567B12345}.Debug|x86.Build.0 = Debug|Any CPU
		{B8C9D0E1-F2A3-4567-8901-234567B12345}.Release|Any CPU.ActiveCfg = Release|Any CPU
		{B8C9D0E1-F2A3-4567-8901-234567B12345}.Release|Any CPU.Build.0 = Release|Any CPU
		{B8C9D0E1-F2A3-4567-8901-234567B12345}.Release|x64.ActiveCfg = Release|Any CPU
		{B8C9D0E1-F2A3-4567-8901-234567B12345}.Release|x64.Build.0 = Release|Any CPU
		{B8C9D0E1-F2A3-4567-8901-234567B12345}.Release|x86.ActiveCfg = Release|Any CPU
		{B8C9D0E1-F2A3-4567-8901-234567B12345}.Release|x86.Build.0 = Release|Any CPU
		{C8D9E0F1-A2B3-4567-8901-234567C23456}.Debug|Any CPU.ActiveCfg = Debug|Any CPU
		{C8D9E0F1-A2B3-4567-8901-234567C23456}.Debug|Any CPU.Build.0 = Debug|Any CPU
		{C8D9E0F1-A2B3-4567-8901-234567C23456}.Debug|x64.ActiveCfg = Debug|Any CPU
		{C8D9E0F1-A2B3-4567-8901-234567C23456}.Debug|x64.Build.0 = Debug|Any CPU
		{C8D9E0F1-A2B3-4567-8901-234567C23456}.Debug|x86.ActiveCfg = Debug|Any CPU
		{C8D9E0F1-A2B3-4567-8901-234567C23456}.Debug|x86.Build.0 = Debug|Any CPU
		{C8D9E0F1-A2B3-4567-8901-234567C23456}.Release|Any CPU.ActiveCfg = Release|Any CPU
		{C8D9E0F1-A2B3-4567-8901-234567C23456}.Release|Any CPU.Build.0 = Release|Any CPU
		{C8D9E0F1-A2B3-4567-8901-234567C23456}.Release|x64.ActiveCfg = Release|Any CPU
		{C8D9E0F1-A2B3-4567-8901-234567C23456}.Release|x64.Build.0 = Release|Any CPU
		{C8D9E0F1-A2B3-4567-8901-234567C23456}.Release|x86.ActiveCfg = Release|Any CPU
		{C8D9E0F1-A2B3-4567-8901-234567C23456}.Release|x86.Build.0 = Release|Any CPU
		{F8A9B0C1-D2E3-4567-8901-234567F12345}.Debug|Any CPU.ActiveCfg = Debug|Any CPU
		{F8A9B0C1-D2E3-4567-8901-234567F12345}.Debug|Any CPU.Build.0 = Debug|Any CPU
		{F8A9B0C1-D2E3-4567-8901-234567F12345}.Debug|x64.ActiveCfg = Debug|Any CPU
		{F8A9B0C1-D2E3-4567-8901-234567F12345}.Debug|x64.Build.0 = Debug|Any CPU
		{F8A9B0C1-D2E3-4567-8901-234567F12345}.Debug|x86.ActiveCfg = Debug|Any CPU
		{F8A9B0C1-D2E3-4567-8901-234567F12345}.Debug|x86.Build.0 = Debug|Any CPU
		{F8A9B0C1-D2E3-4567-8901-234567F12345}.Release|Any CPU.ActiveCfg = Release|Any CPU
		{F8A9B0C1-D2E3-4567-8901-234567F12345}.Release|Any CPU.Build.0 = Release|Any CPU
		{F8A9B0C1-D2E3-4567-8901-234567F12345}.Release|x64.ActiveCfg = Release|Any CPU
		{F8A9B0C1-D2E3-4567-8901-234567F12345}.Release|x64.Build.0 = Release|Any CPU
		{F8A9B0C1-D2E3-4567-8901-234567F12345}.Release|x86.ActiveCfg = Release|Any CPU
		{F8A9B0C1-D2E3-4567-8901-234567F12345}.Release|x86.Build.0 = Release|Any CPU
		{D4F9E2DE-FFC8-417F-BE9A-3695BC8D2DD4}.Debug|Any CPU.ActiveCfg = Debug|Any CPU
		{D4F9E2DE-FFC8-417F-BE9A-3695BC8D2DD4}.Debug|Any CPU.Build.0 = Debug|Any CPU
		{D4F9E2DE-FFC8-417F-BE9A-3695BC8D2DD4}.Debug|x64.ActiveCfg = Debug|Any CPU
		{D4F9E2DE-FFC8-417F-BE9A-3695BC8D2DD4}.Debug|x64.Build.0 = Debug|Any CPU
		{D4F9E2DE-FFC8-417F-BE9A-3695BC8D2DD4}.Debug|x86.ActiveCfg = Debug|Any CPU
		{D4F9E2DE-FFC8-417F-BE9A-3695BC8D2DD4}.Debug|x86.Build.0 = Debug|Any CPU
		{D4F9E2DE-FFC8-417F-BE9A-3695BC8D2DD4}.Release|Any CPU.ActiveCfg = Release|Any CPU
		{D4F9E2DE-FFC8-417F-BE9A-3695BC8D2DD4}.Release|Any CPU.Build.0 = Release|Any CPU
		{D4F9E2DE-FFC8-417F-BE9A-3695BC8D2DD4}.Release|x64.ActiveCfg = Release|Any CPU
		{D4F9E2DE-FFC8-417F-BE9A-3695BC8D2DD4}.Release|x64.Build.0 = Release|Any CPU
		{D4F9E2DE-FFC8-417F-BE9A-3695BC8D2DD4}.Release|x86.ActiveCfg = Release|Any CPU
		{D4F9E2DE-FFC8-417F-BE9A-3695BC8D2DD4}.Release|x86.Build.0 = Release|Any CPU
		{63B77DCC-1D03-4D28-9898-C292EFFFD25B}.Debug|Any CPU.ActiveCfg = Debug|Any CPU
		{63B77DCC-1D03-4D28-9898-C292EFFFD25B}.Debug|Any CPU.Build.0 = Debug|Any CPU
		{63B77DCC-1D03-4D28-9898-C292EFFFD25B}.Debug|x64.ActiveCfg = Debug|Any CPU
		{63B77DCC-1D03-4D28-9898-C292EFFFD25B}.Debug|x64.Build.0 = Debug|Any CPU
		{63B77DCC-1D03-4D28-9898-C292EFFFD25B}.Debug|x86.ActiveCfg = Debug|Any CPU
		{63B77DCC-1D03-4D28-9898-C292EFFFD25B}.Debug|x86.Build.0 = Debug|Any CPU
		{63B77DCC-1D03-4D28-9898-C292EFFFD25B}.Release|Any CPU.ActiveCfg = Release|Any CPU
		{63B77DCC-1D03-4D28-9898-C292EFFFD25B}.Release|Any CPU.Build.0 = Release|Any CPU
		{63B77DCC-1D03-4D28-9898-C292EFFFD25B}.Release|x64.ActiveCfg = Release|Any CPU
		{63B77DCC-1D03-4D28-9898-C292EFFFD25B}.Release|x64.Build.0 = Release|Any CPU
		{63B77DCC-1D03-4D28-9898-C292EFFFD25B}.Release|x86.ActiveCfg = Release|Any CPU
		{63B77DCC-1D03-4D28-9898-C292EFFFD25B}.Release|x86.Build.0 = Release|Any CPU
		{D310BD6A-A2DD-4243-A6D7-47F8C0B22E63}.Debug|Any CPU.ActiveCfg = Debug|Any CPU
		{D310BD6A-A2DD-4243-A6D7-47F8C0B22E63}.Debug|Any CPU.Build.0 = Debug|Any CPU
		{D310BD6A-A2DD-4243-A6D7-47F8C0B22E63}.Debug|x64.ActiveCfg = Debug|Any CPU
		{D310BD6A-A2DD-4243-A6D7-47F8C0B22E63}.Debug|x64.Build.0 = Debug|Any CPU
		{D310BD6A-A2DD-4243-A6D7-47F8C0B22E63}.Debug|x86.ActiveCfg = Debug|Any CPU
		{D310BD6A-A2DD-4243-A6D7-47F8C0B22E63}.Debug|x86.Build.0 = Debug|Any CPU
		{D310BD6A-A2DD-4243-A6D7-47F8C0B22E63}.Release|Any CPU.ActiveCfg = Release|Any CPU
		{D310BD6A-A2DD-4243-A6D7-47F8C0B22E63}.Release|Any CPU.Build.0 = Release|Any CPU
		{D310BD6A-A2DD-4243-A6D7-47F8C0B22E63}.Release|x64.ActiveCfg = Release|Any CPU
		{D310BD6A-A2DD-4243-A6D7-47F8C0B22E63}.Release|x64.Build.0 = Release|Any CPU
		{D310BD6A-A2DD-4243-A6D7-47F8C0B22E63}.Release|x86.ActiveCfg = Release|Any CPU
		{D310BD6A-A2DD-4243-A6D7-47F8C0B22E63}.Release|x86.Build.0 = Release|Any CPU
		{E8F9A0B1-C2D3-4567-8901-234567E23456}.Debug|Any CPU.ActiveCfg = Debug|Any CPU
		{E8F9A0B1-C2D3-4567-8901-234567E23456}.Debug|Any CPU.Build.0 = Debug|Any CPU
		{E8F9A0B1-C2D3-4567-8901-234567E23456}.Debug|x64.ActiveCfg = Debug|Any CPU
		{E8F9A0B1-C2D3-4567-8901-234567E23456}.Debug|x64.Build.0 = Debug|Any CPU
		{E8F9A0B1-C2D3-4567-8901-234567E23456}.Debug|x86.ActiveCfg = Debug|Any CPU
		{E8F9A0B1-C2D3-4567-8901-234567E23456}.Debug|x86.Build.0 = Debug|Any CPU
		{E8F9A0B1-C2D3-4567-8901-234567E23456}.Release|Any CPU.ActiveCfg = Release|Any CPU
		{E8F9A0B1-C2D3-4567-8901-234567E23456}.Release|Any CPU.Build.0 = Release|Any CPU
		{E8F9A0B1-C2D3-4567-8901-234567E23456}.Release|x64.ActiveCfg = Release|Any CPU
		{E8F9A0B1-C2D3-4567-8901-234567E23456}.Release|x64.Build.0 = Release|Any CPU
		{E8F9A0B1-C2D3-4567-8901-234567E23456}.Release|x86.ActiveCfg = Release|Any CPU
		{E8F9A0B1-C2D3-4567-8901-234567E23456}.Release|x86.Build.0 = Release|Any CPU
		{1494B825-2D58-4D89-A2F7-86AACC27BD77}.Debug|Any CPU.ActiveCfg = Debug|Any CPU
		{1494B825-2D58-4D89-A2F7-86AACC27BD77}.Debug|Any CPU.Build.0 = Debug|Any CPU
		{1494B825-2D58-4D89-A2F7-86AACC27BD77}.Debug|x64.ActiveCfg = Debug|Any CPU
		{1494B825-2D58-4D89-A2F7-86AACC27BD77}.Debug|x64.Build.0 = Debug|Any CPU
		{1494B825-2D58-4D89-A2F7-86AACC27BD77}.Debug|x86.ActiveCfg = Debug|Any CPU
		{1494B825-2D58-4D89-A2F7-86AACC27BD77}.Debug|x86.Build.0 = Debug|Any CPU
		{1494B825-2D58-4D89-A2F7-86AACC27BD77}.Release|Any CPU.ActiveCfg = Release|Any CPU
		{1494B825-2D58-4D89-A2F7-86AACC27BD77}.Release|Any CPU.Build.0 = Release|Any CPU
		{1494B825-2D58-4D89-A2F7-86AACC27BD77}.Release|x64.ActiveCfg = Release|Any CPU
		{1494B825-2D58-4D89-A2F7-86AACC27BD77}.Release|x64.Build.0 = Release|Any CPU
		{1494B825-2D58-4D89-A2F7-86AACC27BD77}.Release|x86.ActiveCfg = Release|Any CPU
		{1494B825-2D58-4D89-A2F7-86AACC27BD77}.Release|x86.Build.0 = Release|Any CPU
		{A8C5E192-FC7B-4914-B15C-3F16A8CEC37C}.Debug|Any CPU.ActiveCfg = Debug|Any CPU
		{A8C5E192-FC7B-4914-B15C-3F16A8CEC37C}.Debug|Any CPU.Build.0 = Debug|Any CPU
		{A8C5E192-FC7B-4914-B15C-3F16A8CEC37C}.Debug|x64.ActiveCfg = Debug|Any CPU
		{A8C5E192-FC7B-4914-B15C-3F16A8CEC37C}.Debug|x64.Build.0 = Debug|Any CPU
		{A8C5E192-FC7B-4914-B15C-3F16A8CEC37C}.Debug|x86.ActiveCfg = Debug|Any CPU
		{A8C5E192-FC7B-4914-B15C-3F16A8CEC37C}.Debug|x86.Build.0 = Debug|Any CPU
		{A8C5E192-FC7B-4914-B15C-3F16A8CEC37C}.Release|Any CPU.ActiveCfg = Release|Any CPU
		{A8C5E192-FC7B-4914-B15C-3F16A8CEC37C}.Release|Any CPU.Build.0 = Release|Any CPU
		{A8C5E192-FC7B-4914-B15C-3F16A8CEC37C}.Release|x64.ActiveCfg = Release|Any CPU
		{A8C5E192-FC7B-4914-B15C-3F16A8CEC37C}.Release|x64.Build.0 = Release|Any CPU
		{A8C5E192-FC7B-4914-B15C-3F16A8CEC37C}.Release|x86.ActiveCfg = Release|Any CPU
		{A8C5E192-FC7B-4914-B15C-3F16A8CEC37C}.Release|x86.Build.0 = Release|Any CPU
		{0E7EC89F-C665-490E-9EB1-923668D90727}.Debug|Any CPU.ActiveCfg = Debug|Any CPU
		{0E7EC89F-C665-490E-9EB1-923668D90727}.Debug|Any CPU.Build.0 = Debug|Any CPU
		{0E7EC89F-C665-490E-9EB1-923668D90727}.Debug|x64.ActiveCfg = Debug|Any CPU
		{0E7EC89F-C665-490E-9EB1-923668D90727}.Debug|x64.Build.0 = Debug|Any CPU
		{0E7EC89F-C665-490E-9EB1-923668D90727}.Debug|x86.ActiveCfg = Debug|Any CPU
		{0E7EC89F-C665-490E-9EB1-923668D90727}.Debug|x86.Build.0 = Debug|Any CPU
		{0E7EC89F-C665-490E-9EB1-923668D90727}.Release|Any CPU.ActiveCfg = Release|Any CPU
		{0E7EC89F-C665-490E-9EB1-923668D90727}.Release|Any CPU.Build.0 = Release|Any CPU
		{0E7EC89F-C665-490E-9EB1-923668D90727}.Release|x64.ActiveCfg = Release|Any CPU
		{0E7EC89F-C665-490E-9EB1-923668D90727}.Release|x64.Build.0 = Release|Any CPU
		{0E7EC89F-C665-490E-9EB1-923668D90727}.Release|x86.ActiveCfg = Release|Any CPU
		{0E7EC89F-C665-490E-9EB1-923668D90727}.Release|x86.Build.0 = Release|Any CPU
		{004AA9ED-60C1-456B-B02B-3FE14F1E6B22}.Debug|Any CPU.ActiveCfg = Debug|Any CPU
		{004AA9ED-60C1-456B-B02B-3FE14F1E6B22}.Debug|Any CPU.Build.0 = Debug|Any CPU
		{004AA9ED-60C1-456B-B02B-3FE14F1E6B22}.Debug|x64.ActiveCfg = Debug|Any CPU
		{004AA9ED-60C1-456B-B02B-3FE14F1E6B22}.Debug|x64.Build.0 = Debug|Any CPU
		{004AA9ED-60C1-456B-B02B-3FE14F1E6B22}.Debug|x86.ActiveCfg = Debug|Any CPU
		{004AA9ED-60C1-456B-B02B-3FE14F1E6B22}.Debug|x86.Build.0 = Debug|Any CPU
		{004AA9ED-60C1-456B-B02B-3FE14F1E6B22}.Release|Any CPU.ActiveCfg = Release|Any CPU
		{004AA9ED-60C1-456B-B02B-3FE14F1E6B22}.Release|Any CPU.Build.0 = Release|Any CPU
		{004AA9ED-60C1-456B-B02B-3FE14F1E6B22}.Release|x64.ActiveCfg = Release|Any CPU
		{004AA9ED-60C1-456B-B02B-3FE14F1E6B22}.Release|x64.Build.0 = Release|Any CPU
		{004AA9ED-60C1-456B-B02B-3FE14F1E6B22}.Release|x86.ActiveCfg = Release|Any CPU
		{004AA9ED-60C1-456B-B02B-3FE14F1E6B22}.Release|x86.Build.0 = Release|Any CPU
		{9482AE6C-2CD9-49A8-80E1-39E69B965C58}.Debug|Any CPU.ActiveCfg = Debug|Any CPU
		{9482AE6C-2CD9-49A8-80E1-39E69B965C58}.Debug|Any CPU.Build.0 = Debug|Any CPU
		{9482AE6C-2CD9-49A8-80E1-39E69B965C58}.Debug|x64.ActiveCfg = Debug|Any CPU
		{9482AE6C-2CD9-49A8-80E1-39E69B965C58}.Debug|x64.Build.0 = Debug|Any CPU
		{9482AE6C-2CD9-49A8-80E1-39E69B965C58}.Debug|x86.ActiveCfg = Debug|Any CPU
		{9482AE6C-2CD9-49A8-80E1-39E69B965C58}.Debug|x86.Build.0 = Debug|Any CPU
		{9482AE6C-2CD9-49A8-80E1-39E69B965C58}.Release|Any CPU.ActiveCfg = Release|Any CPU
		{9482AE6C-2CD9-49A8-80E1-39E69B965C58}.Release|Any CPU.Build.0 = Release|Any CPU
		{9482AE6C-2CD9-49A8-80E1-39E69B965C58}.Release|x64.ActiveCfg = Release|Any CPU
		{9482AE6C-2CD9-49A8-80E1-39E69B965C58}.Release|x64.Build.0 = Release|Any CPU
		{9482AE6C-2CD9-49A8-80E1-39E69B965C58}.Release|x86.ActiveCfg = Release|Any CPU
		{9482AE6C-2CD9-49A8-80E1-39E69B965C58}.Release|x86.Build.0 = Release|Any CPU
		{F5A2B3C4-D5E6-7890-1234-567890F67890}.Debug|Any CPU.ActiveCfg = Debug|Any CPU
		{F5A2B3C4-D5E6-7890-1234-567890F67890}.Debug|Any CPU.Build.0 = Debug|Any CPU
		{F5A2B3C4-D5E6-7890-1234-567890F67890}.Debug|x64.ActiveCfg = Debug|Any CPU
		{F5A2B3C4-D5E6-7890-1234-567890F67890}.Debug|x64.Build.0 = Debug|Any CPU
		{F5A2B3C4-D5E6-7890-1234-567890F67890}.Debug|x86.ActiveCfg = Debug|Any CPU
		{F5A2B3C4-D5E6-7890-1234-567890F67890}.Debug|x86.Build.0 = Debug|Any CPU
		{F5A2B3C4-D5E6-7890-1234-567890F67890}.Release|Any CPU.ActiveCfg = Release|Any CPU
		{F5A2B3C4-D5E6-7890-1234-567890F67890}.Release|Any CPU.Build.0 = Release|Any CPU
		{F5A2B3C4-D5E6-7890-1234-567890F67890}.Release|x64.ActiveCfg = Debug|Any CPU
		{F5A2B3C4-D5E6-7890-1234-567890F67890}.Release|x64.Build.0 = Debug|Any CPU
		{F5A2B3C4-D5E6-7890-1234-567890F67890}.Release|x86.ActiveCfg = Debug|Any CPU
		{F5A2B3C4-D5E6-7890-1234-567890F67890}.Release|x86.Build.0 = Debug|Any CPU
		{119FB848-DC67-4AE9-855E-10AFAA05D2C4}.Debug|Any CPU.ActiveCfg = Debug|Any CPU
		{119FB848-DC67-4AE9-855E-10AFAA05D2C4}.Debug|Any CPU.Build.0 = Debug|Any CPU
		{119FB848-DC67-4AE9-855E-10AFAA05D2C4}.Debug|x64.ActiveCfg = Debug|Any CPU
		{119FB848-DC67-4AE9-855E-10AFAA05D2C4}.Debug|x64.Build.0 = Debug|Any CPU
		{119FB848-DC67-4AE9-855E-10AFAA05D2C4}.Debug|x86.ActiveCfg = Debug|Any CPU
		{119FB848-DC67-4AE9-855E-10AFAA05D2C4}.Debug|x86.Build.0 = Debug|Any CPU
		{119FB848-DC67-4AE9-855E-10AFAA05D2C4}.Release|Any CPU.ActiveCfg = Release|Any CPU
		{119FB848-DC67-4AE9-855E-10AFAA05D2C4}.Release|Any CPU.Build.0 = Release|Any CPU
		{119FB848-DC67-4AE9-855E-10AFAA05D2C4}.Release|x64.ActiveCfg = Release|Any CPU
		{119FB848-DC67-4AE9-855E-10AFAA05D2C4}.Release|x64.Build.0 = Release|Any CPU
		{119FB848-DC67-4AE9-855E-10AFAA05D2C4}.Release|x86.ActiveCfg = Release|Any CPU
		{119FB848-DC67-4AE9-855E-10AFAA05D2C4}.Release|x86.Build.0 = Release|Any CPU
		{6BFB1664-B8E5-4F17-AF62-BE1E277A0562}.Debug|Any CPU.ActiveCfg = Debug|Any CPU
		{6BFB1664-B8E5-4F17-AF62-BE1E277A0562}.Debug|Any CPU.Build.0 = Debug|Any CPU
		{6BFB1664-B8E5-4F17-AF62-BE1E277A0562}.Debug|x64.ActiveCfg = Debug|Any CPU
		{6BFB1664-B8E5-4F17-AF62-BE1E277A0562}.Debug|x64.Build.0 = Debug|Any CPU
		{6BFB1664-B8E5-4F17-AF62-BE1E277A0562}.Debug|x86.ActiveCfg = Debug|Any CPU
		{6BFB1664-B8E5-4F17-AF62-BE1E277A0562}.Debug|x86.Build.0 = Debug|Any CPU
		{6BFB1664-B8E5-4F17-AF62-BE1E277A0562}.Release|Any CPU.ActiveCfg = Release|Any CPU
		{6BFB1664-B8E5-4F17-AF62-BE1E277A0562}.Release|Any CPU.Build.0 = Release|Any CPU
		{6BFB1664-B8E5-4F17-AF62-BE1E277A0562}.Release|x64.ActiveCfg = Release|Any CPU
		{6BFB1664-B8E5-4F17-AF62-BE1E277A0562}.Release|x64.Build.0 = Release|Any CPU
		{6BFB1664-B8E5-4F17-AF62-BE1E277A0562}.Release|x86.ActiveCfg = Release|Any CPU
		{6BFB1664-B8E5-4F17-AF62-BE1E277A0562}.Release|x86.Build.0 = Release|Any CPU
		{1F4485B6-A9B6-4F9D-8BB1-ADA0AB93633D}.Debug|Any CPU.ActiveCfg = Debug|Any CPU
		{1F4485B6-A9B6-4F9D-8BB1-ADA0AB93633D}.Debug|Any CPU.Build.0 = Debug|Any CPU
		{1F4485B6-A9B6-4F9D-8BB1-ADA0AB93633D}.Debug|x64.ActiveCfg = Debug|Any CPU
		{1F4485B6-A9B6-4F9D-8BB1-ADA0AB93633D}.Debug|x64.Build.0 = Debug|Any CPU
		{1F4485B6-A9B6-4F9D-8BB1-ADA0AB93633D}.Debug|x86.ActiveCfg = Debug|Any CPU
		{1F4485B6-A9B6-4F9D-8BB1-ADA0AB93633D}.Debug|x86.Build.0 = Debug|Any CPU
		{1F4485B6-A9B6-4F9D-8BB1-ADA0AB93633D}.Release|Any CPU.ActiveCfg = Release|Any CPU
		{1F4485B6-A9B6-4F9D-8BB1-ADA0AB93633D}.Release|Any CPU.Build.0 = Release|Any CPU
		{1F4485B6-A9B6-4F9D-8BB1-ADA0AB93633D}.Release|x64.ActiveCfg = Release|Any CPU
		{1F4485B6-A9B6-4F9D-8BB1-ADA0AB93633D}.Release|x64.Build.0 = Release|Any CPU
		{1F4485B6-A9B6-4F9D-8BB1-ADA0AB93633D}.Release|x86.ActiveCfg = Release|Any CPU
		{1F4485B6-A9B6-4F9D-8BB1-ADA0AB93633D}.Release|x86.Build.0 = Release|Any CPU
		{AF567DFD-1658-4A3F-A666-95B4203AE6F3}.Debug|Any CPU.ActiveCfg = Debug|Any CPU
		{AF567DFD-1658-4A3F-A666-95B4203AE6F3}.Debug|Any CPU.Build.0 = Debug|Any CPU
		{AF567DFD-1658-4A3F-A666-95B4203AE6F3}.Debug|x64.ActiveCfg = Debug|Any CPU
		{AF567DFD-1658-4A3F-A666-95B4203AE6F3}.Debug|x64.Build.0 = Debug|Any CPU
		{AF567DFD-1658-4A3F-A666-95B4203AE6F3}.Debug|x86.ActiveCfg = Debug|Any CPU
		{AF567DFD-1658-4A3F-A666-95B4203AE6F3}.Debug|x86.Build.0 = Debug|Any CPU
		{AF567DFD-1658-4A3F-A666-95B4203AE6F3}.Release|Any CPU.ActiveCfg = Release|Any CPU
		{AF567DFD-1658-4A3F-A666-95B4203AE6F3}.Release|Any CPU.Build.0 = Release|Any CPU
		{AF567DFD-1658-4A3F-A666-95B4203AE6F3}.Release|x64.ActiveCfg = Release|Any CPU
		{AF567DFD-1658-4A3F-A666-95B4203AE6F3}.Release|x64.Build.0 = Release|Any CPU
		{AF567DFD-1658-4A3F-A666-95B4203AE6F3}.Release|x86.ActiveCfg = Release|Any CPU
		{AF567DFD-1658-4A3F-A666-95B4203AE6F3}.Release|x86.Build.0 = Release|Any CPU
		{06E5F360-73DA-47BB-BB59-E0177A155850}.Debug|Any CPU.ActiveCfg = Debug|Any CPU
		{06E5F360-73DA-47BB-BB59-E0177A155850}.Debug|Any CPU.Build.0 = Debug|Any CPU
		{06E5F360-73DA-47BB-BB59-E0177A155850}.Debug|x64.ActiveCfg = Debug|Any CPU
		{06E5F360-73DA-47BB-BB59-E0177A155850}.Debug|x64.Build.0 = Debug|Any CPU
		{06E5F360-73DA-47BB-BB59-E0177A155850}.Debug|x86.ActiveCfg = Debug|Any CPU
		{06E5F360-73DA-47BB-BB59-E0177A155850}.Debug|x86.Build.0 = Debug|Any CPU
		{06E5F360-73DA-47BB-BB59-E0177A155850}.Release|Any CPU.ActiveCfg = Release|Any CPU
		{06E5F360-73DA-47BB-BB59-E0177A155850}.Release|Any CPU.Build.0 = Release|Any CPU
		{06E5F360-73DA-47BB-BB59-E0177A155850}.Release|x64.ActiveCfg = Release|Any CPU
		{06E5F360-73DA-47BB-BB59-E0177A155850}.Release|x64.Build.0 = Release|Any CPU
		{06E5F360-73DA-47BB-BB59-E0177A155850}.Release|x86.ActiveCfg = Release|Any CPU
		{06E5F360-73DA-47BB-BB59-E0177A155850}.Release|x86.Build.0 = Release|Any CPU
		{88B20AB6-705C-4A1B-8140-BDE3DC3BA5F7}.Debug|Any CPU.ActiveCfg = Debug|Any CPU
		{88B20AB6-705C-4A1B-8140-BDE3DC3BA5F7}.Debug|Any CPU.Build.0 = Debug|Any CPU
		{88B20AB6-705C-4A1B-8140-BDE3DC3BA5F7}.Debug|x64.ActiveCfg = Debug|Any CPU
		{88B20AB6-705C-4A1B-8140-BDE3DC3BA5F7}.Debug|x64.Build.0 = Debug|Any CPU
		{88B20AB6-705C-4A1B-8140-BDE3DC3BA5F7}.Debug|x86.ActiveCfg = Debug|Any CPU
		{88B20AB6-705C-4A1B-8140-BDE3DC3BA5F7}.Debug|x86.Build.0 = Debug|Any CPU
		{88B20AB6-705C-4A1B-8140-BDE3DC3BA5F7}.Release|Any CPU.ActiveCfg = Release|Any CPU
		{88B20AB6-705C-4A1B-8140-BDE3DC3BA5F7}.Release|Any CPU.Build.0 = Release|Any CPU
		{88B20AB6-705C-4A1B-8140-BDE3DC3BA5F7}.Release|x64.ActiveCfg = Release|Any CPU
		{88B20AB6-705C-4A1B-8140-BDE3DC3BA5F7}.Release|x64.Build.0 = Release|Any CPU
		{88B20AB6-705C-4A1B-8140-BDE3DC3BA5F7}.Release|x86.ActiveCfg = Release|Any CPU
		{88B20AB6-705C-4A1B-8140-BDE3DC3BA5F7}.Release|x86.Build.0 = Release|Any CPU
		{B7744EC4-D3C1-4936-B26C-6B5990C262AC}.Debug|Any CPU.ActiveCfg = Debug|Any CPU
		{B7744EC4-D3C1-4936-B26C-6B5990C262AC}.Debug|Any CPU.Build.0 = Debug|Any CPU
		{B7744EC4-D3C1-4936-B26C-6B5990C262AC}.Debug|x64.ActiveCfg = Debug|Any CPU
		{B7744EC4-D3C1-4936-B26C-6B5990C262AC}.Debug|x64.Build.0 = Debug|Any CPU
		{B7744EC4-D3C1-4936-B26C-6B5990C262AC}.Debug|x86.ActiveCfg = Debug|Any CPU
		{B7744EC4-D3C1-4936-B26C-6B5990C262AC}.Debug|x86.Build.0 = Debug|Any CPU
		{B7744EC4-D3C1-4936-B26C-6B5990C262AC}.Release|Any CPU.ActiveCfg = Release|Any CPU
		{B7744EC4-D3C1-4936-B26C-6B5990C262AC}.Release|Any CPU.Build.0 = Release|Any CPU
		{B7744EC4-D3C1-4936-B26C-6B5990C262AC}.Release|x64.ActiveCfg = Release|Any CPU
		{B7744EC4-D3C1-4936-B26C-6B5990C262AC}.Release|x64.Build.0 = Release|Any CPU
		{B7744EC4-D3C1-4936-B26C-6B5990C262AC}.Release|x86.ActiveCfg = Release|Any CPU
		{B7744EC4-D3C1-4936-B26C-6B5990C262AC}.Release|x86.Build.0 = Release|Any CPU
		{37F5D835-1802-E126-311C-42386FD56337}.Debug|Any CPU.ActiveCfg = Debug|Any CPU
		{37F5D835-1802-E126-311C-42386FD56337}.Debug|Any CPU.Build.0 = Debug|Any CPU
		{37F5D835-1802-E126-311C-42386FD56337}.Debug|x64.ActiveCfg = Debug|Any CPU
		{37F5D835-1802-E126-311C-42386FD56337}.Debug|x64.Build.0 = Debug|Any CPU
		{37F5D835-1802-E126-311C-42386FD56337}.Debug|x86.ActiveCfg = Debug|Any CPU
		{37F5D835-1802-E126-311C-42386FD56337}.Debug|x86.Build.0 = Debug|Any CPU
		{37F5D835-1802-E126-311C-42386FD56337}.Release|Any CPU.ActiveCfg = Release|Any CPU
		{37F5D835-1802-E126-311C-42386FD56337}.Release|Any CPU.Build.0 = Release|Any CPU
		{37F5D835-1802-E126-311C-42386FD56337}.Release|x64.ActiveCfg = Release|Any CPU
		{37F5D835-1802-E126-311C-42386FD56337}.Release|x64.Build.0 = Release|Any CPU
		{37F5D835-1802-E126-311C-42386FD56337}.Release|x86.ActiveCfg = Release|Any CPU
		{37F5D835-1802-E126-311C-42386FD56337}.Release|x86.Build.0 = Release|Any CPU
		{6B29825A-A9AC-178E-F693-39B09A98197E}.Debug|Any CPU.ActiveCfg = Debug|Any CPU
		{6B29825A-A9AC-178E-F693-39B09A98197E}.Debug|Any CPU.Build.0 = Debug|Any CPU
		{6B29825A-A9AC-178E-F693-39B09A98197E}.Debug|x64.ActiveCfg = Debug|Any CPU
		{6B29825A-A9AC-178E-F693-39B09A98197E}.Debug|x64.Build.0 = Debug|Any CPU
		{6B29825A-A9AC-178E-F693-39B09A98197E}.Debug|x86.ActiveCfg = Debug|Any CPU
		{6B29825A-A9AC-178E-F693-39B09A98197E}.Debug|x86.Build.0 = Debug|Any CPU
		{6B29825A-A9AC-178E-F693-39B09A98197E}.Release|Any CPU.ActiveCfg = Release|Any CPU
		{6B29825A-A9AC-178E-F693-39B09A98197E}.Release|Any CPU.Build.0 = Release|Any CPU
		{6B29825A-A9AC-178E-F693-39B09A98197E}.Release|x64.ActiveCfg = Release|Any CPU
		{6B29825A-A9AC-178E-F693-39B09A98197E}.Release|x64.Build.0 = Release|Any CPU
		{6B29825A-A9AC-178E-F693-39B09A98197E}.Release|x86.ActiveCfg = Release|Any CPU
		{6B29825A-A9AC-178E-F693-39B09A98197E}.Release|x86.Build.0 = Release|Any CPU
		{54653D77-2F3E-4B0A-B243-6D89FF83F0BF}.Debug|Any CPU.ActiveCfg = Debug|Any CPU
		{54653D77-2F3E-4B0A-B243-6D89FF83F0BF}.Debug|Any CPU.Build.0 = Debug|Any CPU
		{54653D77-2F3E-4B0A-B243-6D89FF83F0BF}.Debug|x64.ActiveCfg = Debug|Any CPU
		{54653D77-2F3E-4B0A-B243-6D89FF83F0BF}.Debug|x64.Build.0 = Debug|Any CPU
		{54653D77-2F3E-4B0A-B243-6D89FF83F0BF}.Debug|x86.ActiveCfg = Debug|Any CPU
		{54653D77-2F3E-4B0A-B243-6D89FF83F0BF}.Debug|x86.Build.0 = Debug|Any CPU
		{54653D77-2F3E-4B0A-B243-6D89FF83F0BF}.Release|Any CPU.ActiveCfg = Release|Any CPU
		{54653D77-2F3E-4B0A-B243-6D89FF83F0BF}.Release|Any CPU.Build.0 = Release|Any CPU
		{54653D77-2F3E-4B0A-B243-6D89FF83F0BF}.Release|x64.ActiveCfg = Release|Any CPU
		{54653D77-2F3E-4B0A-B243-6D89FF83F0BF}.Release|x64.Build.0 = Release|Any CPU
		{54653D77-2F3E-4B0A-B243-6D89FF83F0BF}.Release|x86.ActiveCfg = Release|Any CPU
		{54653D77-2F3E-4B0A-B243-6D89FF83F0BF}.Release|x86.Build.0 = Release|Any CPU
		{3C4A5A3C-7E4D-4F4B-8F4B-3A2B1A2B3C3C}.Debug|Any CPU.ActiveCfg = Debug|Any CPU
		{3C4A5A3C-7E4D-4F4B-8F4B-3A2B1A2B3C3C}.Debug|Any CPU.Build.0 = Debug|Any CPU
		{3C4A5A3C-7E4D-4F4B-8F4B-3A2B1A2B3C3C}.Debug|x64.ActiveCfg = Debug|Any CPU
		{3C4A5A3C-7E4D-4F4B-8F4B-3A2B1A2B3C3C}.Debug|x64.Build.0 = Debug|Any CPU
		{3C4A5A3C-7E4D-4F4B-8F4B-3A2B1A2B3C3C}.Debug|x86.ActiveCfg = Debug|Any CPU
		{3C4A5A3C-7E4D-4F4B-8F4B-3A2B1A2B3C3C}.Debug|x86.Build.0 = Debug|Any CPU
		{3C4A5A3C-7E4D-4F4B-8F4B-3A2B1A2B3C3C}.Release|Any CPU.ActiveCfg = Release|Any CPU
		{3C4A5A3C-7E4D-4F4B-8F4B-3A2B1A2B3C3C}.Release|Any CPU.Build.0 = Release|Any CPU
		{3C4A5A3C-7E4D-4F4B-8F4B-3A2B1A2B3C3C}.Release|x64.ActiveCfg = Release|Any CPU
		{3C4A5A3C-7E4D-4F4B-8F4B-3A2B1A2B3C3C}.Release|x64.Build.0 = Release|Any CPU
		{3C4A5A3C-7E4D-4F4B-8F4B-3A2B1A2B3C3C}.Release|x86.ActiveCfg = Release|Any CPU
		{3C4A5A3C-7E4D-4F4B-8F4B-3A2B1A2B3C3C}.Release|x86.Build.0 = Release|Any CPU
	EndGlobalSection
	GlobalSection(SolutionProperties) = preSolution
		HideSolutionNode = FALSE
	EndGlobalSection
	GlobalSection(NestedProjects) = preSolution
		{A1B2C3D4-E5F6-7890-1234-567890ABCDEF} = {B8C07D80-D3D4-4CF7-BE09-EB8F8A0997B6}
		{B2C3D4E5-F6A7-8901-2345-678901BCDEF0} = {B8C07D80-D3D4-4CF7-BE09-EB8F8A0997B6}
		{C3D4E5F6-A7B8-9012-3456-789012CDEF01} = {B8C07D80-D3D4-4CF7-BE09-EB8F8A0997B6}
		{D4E5F6A7-B8C9-0123-4567-890123DEF012} = {B8C07D80-D3D4-4CF7-BE09-EB8F8A0997B6}
		{E5F6A7B8-C9D0-1234-5678-901234EF0123} = {B8C07D80-D3D4-4CF7-BE09-EB8F8A0997B6}
		{D0E18E91-F5F6-6EB9-D01B-AD0F0C2119D8} = {C9D07D80-E4E5-5DA8-CF0A-FC9F9B1008C7}
		{A7B8C9D0-E1F2-3456-7890-123456A01234} = {D0E18E91-F5F6-6EB9-D01B-AD0F0C2119D8}
		{B8C9D0E1-F2A3-4567-8901-234567B12345} = {F2A3B4C5-D6E7-8901-2345-678901F56789}
		{C8D9E0F1-A2B3-4567-8901-234567C23456} = {D0E18E91-F5F6-6EB9-D01B-AD0F0C2119D8}
		{F8A9B0C1-D2E3-4567-8901-234567F12345} = {A3B4C5D6-E7F8-9012-3456-789012A67890}
		{D4F9E2DE-FFC8-417F-BE9A-3695BC8D2DD4} = {B8C07D80-D3D4-4CF7-BE09-EB8F8A0997B6}
		{63B77DCC-1D03-4D28-9898-C292EFFFD25B} = {D0E18E91-F5F6-6EB9-D01B-AD0F0C2119D8}
		{D310BD6A-A2DD-4243-A6D7-47F8C0B22E63} = {A3B4C5D6-E7F8-9012-3456-789012A67890}
		{E8F9A0B1-C2D3-4567-8901-234567E23456} = {F2A3B4C5-D6E7-8901-2345-678901F56789}
		{1494B825-2D58-4D89-A2F7-86AACC27BD77} = {F2A3B4C5-D6E7-8901-2345-678901F56789}
		{A8C5E192-FC7B-4914-B15C-3F16A8CEC37C} = {F2A3B4C5-D6E7-8901-2345-678901F56789}
		{0E7EC89F-C665-490E-9EB1-923668D90727} = {F2A3B4C5-D6E7-8901-2345-678901F56789}
		{004AA9ED-60C1-456B-B02B-3FE14F1E6B22} = {F2A3B4C5-D6E7-8901-2345-678901F56789}
		{9482AE6C-2CD9-49A8-80E1-39E69B965C58} = {F2A3B4C5-D6E7-8901-2345-678901F56789}
		{F5A2B3C4-D5E6-7890-1234-567890F67890} = {F2A3B4C5-D6E7-8901-2345-678901F56789}
		{37D46098-A5E7-083B-E127-710387E4F3D6} = {F2A3B4C5-D6E7-8901-2345-678901F56789}
	EndGlobalSection
	GlobalSection(ExtensibilityGlobals) = postSolution
		SolutionGuid = {C5D6E7F8-A9B0-1234-5678-901234C89012}
	EndGlobalSection
EndGlobal
