
Microsoft Visual Studio Solution File, Format Version 12.00
# Visual Studio Version 17
VisualStudioVersion = 17.9.0.0
MinimumVisualStudioVersion = 10.0.40219.1
Project("{2150E333-8FDC-42A3-9474-1A3956D46DE8}") = "Solution Items", "Solution Items", "{6D575E4D-886C-4AD7-99A4-6F13217562D7}"
	ProjectSection(SolutionItems) = preProject
		.editorconfig = .editorconfig
		.gitignore = .gitignore
		CLAUDE.md = CLAUDE.md
		CONTRIBUTING.md = CONTRIBUTING.md
		Directory.Build.props = Directory.Build.props
		global.json = global.json
		LICENSE = LICENSE
		README.md = README.md
		SECURITY.md = SECURITY.md
	EndProjectSection
EndProject
Project("{2150E333-8FDC-42A3-9474-1A3956D46DE8}") = "src", "src", "{B8C07D80-D3D4-4CF7-BE09-EB8F8A0997B6}"
EndProject
Project("{2150E333-8FDC-42A3-9474-1A3956D46DE8}") = "Core", "Core", "{F4529B8C-30F1-4D47-B3D2-E8A3AF8C6E42}"
EndProject
Project("{2150E333-8FDC-42A3-9474-1A3956D46DE8}") = "Runtime", "Runtime", "{3C1B5E7D-4F2A-4B9C-8D1E-F0A2B3C4D5E6}"
EndProject
Project("{2150E333-8FDC-42A3-9474-1A3956D46DE8}") = "Backends", "Backends", "{D0E18E91-F5F6-6EB9-D01B-AD0F0C2119D8}"
EndProject
Project("{2150E333-8FDC-42A3-9474-1A3956D46DE8}") = "Extensions", "Extensions", "{8A2B3C4D-5E6F-7890-1234-567890BCDEF1}"
EndProject
Project("{2150E333-8FDC-42A3-9474-1A3956D46DE8}") = "tests", "tests", "{F2A3B4C5-D6E7-8901-2345-678901F56789}"
EndProject
Project("{2150E333-8FDC-42A3-9474-1A3956D46DE8}") = "Unit", "Unit", "{37D46098-A5E7-083B-E127-710387E4F3D6}"
EndProject
Project("{2150E333-8FDC-42A3-9474-1A3956D46DE8}") = "Hardware", "Hardware", "{CC9B120C-1FF3-033C-A18D-E21CB9500133}"
EndProject
Project("{2150E333-8FDC-42A3-9474-1A3956D46DE8}") = "Shared", "Shared", "{8C2D4E5F-1A3B-7C8D-9E2F-0B3C4D5E6F70}"
EndProject
Project("{2150E333-8FDC-42A3-9474-1A3956D46DE8}") = "tools", "tools", "{1A2B3C4D-5E6F-7890-ABCD-EF1234567890}"
EndProject
Project("{2150E333-8FDC-42A3-9474-1A3956D46DE8}") = "docs", "docs", "{9B8C7D6E-5F4E-3D2C-1A0B-F9E8D7C6B5A4}"
	ProjectSection(SolutionItems) = preProject
		docs\build-status-report.md = docs\build-status-report.md
	EndProjectSection
EndProject
Project("{9A19103F-16F7-4668-BE54-9A1E7A4F7556}") = "DotCompute.Core", "src\Core\DotCompute.Core\DotCompute.Core.csproj", "{A1B2C3D4-E5F6-7890-1234-567890ABCDEF}"
EndProject
Project("{9A19103F-16F7-4668-BE54-9A1E7A4F7556}") = "DotCompute.Abstractions", "src\Core\DotCompute.Abstractions\DotCompute.Abstractions.csproj", "{B2C3D4E5-F6A7-8901-2345-678901BCDEF0}"
EndProject
Project("{9A19103F-16F7-4668-BE54-9A1E7A4F7556}") = "DotCompute.Memory", "src\Core\DotCompute.Memory\DotCompute.Memory.csproj", "{D4E5F6A7-B8C9-0123-4567-890123DEF012}"
EndProject
Project("{9A19103F-16F7-4668-BE54-9A1E7A4F7556}") = "DotCompute.Runtime", "src\Runtime\DotCompute.Runtime\DotCompute.Runtime.csproj", "{C3D4E5F6-A7B8-9012-3456-789012CDEF01}"
EndProject
Project("{9A19103F-16F7-4668-BE54-9A1E7A4F7556}") = "DotCompute.Generators", "src\Runtime\DotCompute.Generators\DotCompute.Generators.csproj", "{E5F6A7B8-C9D0-1234-5678-901234EF0123}"
EndProject
Project("{9A19103F-16F7-4668-BE54-9A1E7A4F7556}") = "DotCompute.Plugins", "src\Runtime\DotCompute.Plugins\DotCompute.Plugins.csproj", "{D4F9E2DE-FFC8-417F-BE9A-3695BC8D2DD4}"
EndProject
Project("{9A19103F-16F7-4668-BE54-9A1E7A4F7556}") = "DotCompute.Backends.CPU", "src\Backends\DotCompute.Backends.CPU\DotCompute.Backends.CPU.csproj", "{A7B8C9D0-E1F2-3456-7890-123456A01234}"
EndProject
Project("{9A19103F-16F7-4668-BE54-9A1E7A4F7556}") = "DotCompute.Backends.CUDA", "src\Backends\DotCompute.Backends.CUDA\DotCompute.Backends.CUDA.csproj", "{C8D9E0F1-A2B3-4567-8901-234567C23456}"
EndProject
Project("{9A19103F-16F7-4668-BE54-9A1E7A4F7556}") = "DotCompute.Backends.Metal", "src\Backends\DotCompute.Backends.Metal\DotCompute.Backends.Metal.csproj", "{63B77DCC-1D03-4D28-9898-C292EFFFD25B}"
EndProject
Project("{9A19103F-16F7-4668-BE54-9A1E7A4F7556}") = "DotCompute.Algorithms", "src\Extensions\DotCompute.Algorithms\DotCompute.Algorithms.csproj", "{119FB848-DC67-4AE9-855E-10AFAA05D2C4}"
EndProject
Project("{9A19103F-16F7-4668-BE54-9A1E7A4F7556}") = "DotCompute.Core.Tests", "tests\Unit\DotCompute.Core.Tests\DotCompute.Core.Tests.csproj", "{0E7EC89F-C665-490E-9EB1-923668D90727}"
EndProject
Project("{9A19103F-16F7-4668-BE54-9A1E7A4F7556}") = "DotCompute.Memory.Tests", "tests\Unit\DotCompute.Memory.Tests\DotCompute.Memory.Tests.csproj", "{004AA9ED-60C1-456B-B02B-3FE14F1E6B22}"
EndProject
Project("{9A19103F-16F7-4668-BE54-9A1E7A4F7556}") = "DotCompute.Backends.CPU.Tests", "tests\Unit\DotCompute.Backends.CPU.Tests\DotCompute.Backends.CPU.Tests.csproj", "{B8C9D0E1-F2A3-4567-8901-234567B12345}"
EndProject
Project("{9A19103F-16F7-4668-BE54-9A1E7A4F7556}") = "DotCompute.Tests.Common", "tests\Shared\DotCompute.Tests.Common\DotCompute.Tests.Common.csproj", "{E8F9A0B1-C2D3-4567-8901-234567E23456}"
EndProject
Project("{9A19103F-16F7-4668-BE54-9A1E7A4F7556}") = "DotCompute.SharedTestUtilities", "tests\Shared\DotCompute.SharedTestUtilities\DotCompute.SharedTestUtilities.csproj", "{6B29825A-A9AC-178E-F693-39B09A98197E}"
EndProject
Project("{9A19103F-16F7-4668-BE54-9A1E7A4F7556}") = "CoverageAnalyzer", "tools\coverage-analysis\CoverageAnalyzer.csproj", "{3E4F5A6B-7C8D-9E0F-1A2B-C3D4E5F67890}"
EndProject
Project("{FAE04EC0-301F-11D3-BF4B-00C04F79EFBC}") = "DotCompute.Hardware.Cuda.Tests", "tests\Hardware\DotCompute.Hardware.Cuda.Tests\DotCompute.Hardware.Cuda.Tests.csproj", "{001EB521-1BDB-4C8C-891A-5C66ED9C93D0}"
EndProject
Global
	GlobalSection(SolutionConfigurationPlatforms) = preSolution
		Debug|Any CPU = Debug|Any CPU
		Debug|x64 = Debug|x64
		Debug|x86 = Debug|x86
		Release|Any CPU = Release|Any CPU
		Release|x64 = Release|x64
		Release|x86 = Release|x86
	EndGlobalSection
	GlobalSection(ProjectConfigurationPlatforms) = postSolution
		{A1B2C3D4-E5F6-7890-1234-567890ABCDEF}.Debug|Any CPU.ActiveCfg = Debug|Any CPU
		{A1B2C3D4-E5F6-7890-1234-567890ABCDEF}.Debug|Any CPU.Build.0 = Debug|Any CPU
		{A1B2C3D4-E5F6-7890-1234-567890ABCDEF}.Debug|x64.ActiveCfg = Debug|Any CPU
		{A1B2C3D4-E5F6-7890-1234-567890ABCDEF}.Debug|x64.Build.0 = Debug|Any CPU
		{A1B2C3D4-E5F6-7890-1234-567890ABCDEF}.Debug|x86.ActiveCfg = Debug|Any CPU
		{A1B2C3D4-E5F6-7890-1234-567890ABCDEF}.Debug|x86.Build.0 = Debug|Any CPU
		{A1B2C3D4-E5F6-7890-1234-567890ABCDEF}.Release|Any CPU.ActiveCfg = Release|Any CPU
		{A1B2C3D4-E5F6-7890-1234-567890ABCDEF}.Release|Any CPU.Build.0 = Release|Any CPU
		{A1B2C3D4-E5F6-7890-1234-567890ABCDEF}.Release|x64.ActiveCfg = Release|Any CPU
		{A1B2C3D4-E5F6-7890-1234-567890ABCDEF}.Release|x64.Build.0 = Release|Any CPU
		{A1B2C3D4-E5F6-7890-1234-567890ABCDEF}.Release|x86.ActiveCfg = Release|Any CPU
		{A1B2C3D4-E5F6-7890-1234-567890ABCDEF}.Release|x86.Build.0 = Release|Any CPU
		{B2C3D4E5-F6A7-8901-2345-678901BCDEF0}.Debug|Any CPU.ActiveCfg = Debug|Any CPU
		{B2C3D4E5-F6A7-8901-2345-678901BCDEF0}.Debug|Any CPU.Build.0 = Debug|Any CPU
		{B2C3D4E5-F6A7-8901-2345-678901BCDEF0}.Debug|x64.ActiveCfg = Debug|Any CPU
		{B2C3D4E5-F6A7-8901-2345-678901BCDEF0}.Debug|x64.Build.0 = Debug|Any CPU
		{B2C3D4E5-F6A7-8901-2345-678901BCDEF0}.Debug|x86.ActiveCfg = Debug|Any CPU
		{B2C3D4E5-F6A7-8901-2345-678901BCDEF0}.Debug|x86.Build.0 = Debug|Any CPU
		{B2C3D4E5-F6A7-8901-2345-678901BCDEF0}.Release|Any CPU.ActiveCfg = Release|Any CPU
		{B2C3D4E5-F6A7-8901-2345-678901BCDEF0}.Release|Any CPU.Build.0 = Release|Any CPU
		{B2C3D4E5-F6A7-8901-2345-678901BCDEF0}.Release|x64.ActiveCfg = Release|Any CPU
		{B2C3D4E5-F6A7-8901-2345-678901BCDEF0}.Release|x64.Build.0 = Release|Any CPU
		{B2C3D4E5-F6A7-8901-2345-678901BCDEF0}.Release|x86.ActiveCfg = Release|Any CPU
		{B2C3D4E5-F6A7-8901-2345-678901BCDEF0}.Release|x86.Build.0 = Release|Any CPU
		{D4E5F6A7-B8C9-0123-4567-890123DEF012}.Debug|Any CPU.ActiveCfg = Debug|Any CPU
		{D4E5F6A7-B8C9-0123-4567-890123DEF012}.Debug|Any CPU.Build.0 = Debug|Any CPU
		{D4E5F6A7-B8C9-0123-4567-890123DEF012}.Debug|x64.ActiveCfg = Debug|Any CPU
		{D4E5F6A7-B8C9-0123-4567-890123DEF012}.Debug|x64.Build.0 = Debug|Any CPU
		{D4E5F6A7-B8C9-0123-4567-890123DEF012}.Debug|x86.ActiveCfg = Debug|Any CPU
		{D4E5F6A7-B8C9-0123-4567-890123DEF012}.Debug|x86.Build.0 = Debug|Any CPU
		{D4E5F6A7-B8C9-0123-4567-890123DEF012}.Release|Any CPU.ActiveCfg = Release|Any CPU
		{D4E5F6A7-B8C9-0123-4567-890123DEF012}.Release|Any CPU.Build.0 = Release|Any CPU
		{D4E5F6A7-B8C9-0123-4567-890123DEF012}.Release|x64.ActiveCfg = Release|Any CPU
		{D4E5F6A7-B8C9-0123-4567-890123DEF012}.Release|x64.Build.0 = Release|Any CPU
		{D4E5F6A7-B8C9-0123-4567-890123DEF012}.Release|x86.ActiveCfg = Release|Any CPU
		{D4E5F6A7-B8C9-0123-4567-890123DEF012}.Release|x86.Build.0 = Release|Any CPU
		{C3D4E5F6-A7B8-9012-3456-789012CDEF01}.Debug|Any CPU.ActiveCfg = Debug|Any CPU
		{C3D4E5F6-A7B8-9012-3456-789012CDEF01}.Debug|Any CPU.Build.0 = Debug|Any CPU
		{C3D4E5F6-A7B8-9012-3456-789012CDEF01}.Debug|x64.ActiveCfg = Debug|Any CPU
		{C3D4E5F6-A7B8-9012-3456-789012CDEF01}.Debug|x64.Build.0 = Debug|Any CPU
		{C3D4E5F6-A7B8-9012-3456-789012CDEF01}.Debug|x86.ActiveCfg = Debug|Any CPU
		{C3D4E5F6-A7B8-9012-3456-789012CDEF01}.Debug|x86.Build.0 = Debug|Any CPU
		{C3D4E5F6-A7B8-9012-3456-789012CDEF01}.Release|Any CPU.ActiveCfg = Release|Any CPU
		{C3D4E5F6-A7B8-9012-3456-789012CDEF01}.Release|Any CPU.Build.0 = Release|Any CPU
		{C3D4E5F6-A7B8-9012-3456-789012CDEF01}.Release|x64.ActiveCfg = Release|Any CPU
		{C3D4E5F6-A7B8-9012-3456-789012CDEF01}.Release|x64.Build.0 = Release|Any CPU
		{C3D4E5F6-A7B8-9012-3456-789012CDEF01}.Release|x86.ActiveCfg = Release|Any CPU
		{C3D4E5F6-A7B8-9012-3456-789012CDEF01}.Release|x86.Build.0 = Release|Any CPU
		{E5F6A7B8-C9D0-1234-5678-901234EF0123}.Debug|Any CPU.ActiveCfg = Debug|Any CPU
		{E5F6A7B8-C9D0-1234-5678-901234EF0123}.Debug|Any CPU.Build.0 = Debug|Any CPU
		{E5F6A7B8-C9D0-1234-5678-901234EF0123}.Debug|x64.ActiveCfg = Debug|Any CPU
		{E5F6A7B8-C9D0-1234-5678-901234EF0123}.Debug|x64.Build.0 = Debug|Any CPU
		{E5F6A7B8-C9D0-1234-5678-901234EF0123}.Debug|x86.ActiveCfg = Debug|Any CPU
		{E5F6A7B8-C9D0-1234-5678-901234EF0123}.Debug|x86.Build.0 = Debug|Any CPU
		{E5F6A7B8-C9D0-1234-5678-901234EF0123}.Release|Any CPU.ActiveCfg = Release|Any CPU
		{E5F6A7B8-C9D0-1234-5678-901234EF0123}.Release|Any CPU.Build.0 = Release|Any CPU
		{E5F6A7B8-C9D0-1234-5678-901234EF0123}.Release|x64.ActiveCfg = Release|Any CPU
		{E5F6A7B8-C9D0-1234-5678-901234EF0123}.Release|x64.Build.0 = Release|Any CPU
		{E5F6A7B8-C9D0-1234-5678-901234EF0123}.Release|x86.ActiveCfg = Release|Any CPU
		{E5F6A7B8-C9D0-1234-5678-901234EF0123}.Release|x86.Build.0 = Release|Any CPU
		{D4F9E2DE-FFC8-417F-BE9A-3695BC8D2DD4}.Debug|Any CPU.ActiveCfg = Debug|Any CPU
		{D4F9E2DE-FFC8-417F-BE9A-3695BC8D2DD4}.Debug|Any CPU.Build.0 = Debug|Any CPU
		{D4F9E2DE-FFC8-417F-BE9A-3695BC8D2DD4}.Debug|x64.ActiveCfg = Debug|Any CPU
		{D4F9E2DE-FFC8-417F-BE9A-3695BC8D2DD4}.Debug|x64.Build.0 = Debug|Any CPU
		{D4F9E2DE-FFC8-417F-BE9A-3695BC8D2DD4}.Debug|x86.ActiveCfg = Debug|Any CPU
		{D4F9E2DE-FFC8-417F-BE9A-3695BC8D2DD4}.Debug|x86.Build.0 = Debug|Any CPU
		{D4F9E2DE-FFC8-417F-BE9A-3695BC8D2DD4}.Release|Any CPU.ActiveCfg = Release|Any CPU
		{D4F9E2DE-FFC8-417F-BE9A-3695BC8D2DD4}.Release|Any CPU.Build.0 = Release|Any CPU
		{D4F9E2DE-FFC8-417F-BE9A-3695BC8D2DD4}.Release|x64.ActiveCfg = Release|Any CPU
		{D4F9E2DE-FFC8-417F-BE9A-3695BC8D2DD4}.Release|x64.Build.0 = Release|Any CPU
		{D4F9E2DE-FFC8-417F-BE9A-3695BC8D2DD4}.Release|x86.ActiveCfg = Release|Any CPU
		{D4F9E2DE-FFC8-417F-BE9A-3695BC8D2DD4}.Release|x86.Build.0 = Release|Any CPU
		{A7B8C9D0-E1F2-3456-7890-123456A01234}.Debug|Any CPU.ActiveCfg = Debug|Any CPU
		{A7B8C9D0-E1F2-3456-7890-123456A01234}.Debug|Any CPU.Build.0 = Debug|Any CPU
		{A7B8C9D0-E1F2-3456-7890-123456A01234}.Debug|x64.ActiveCfg = Debug|Any CPU
		{A7B8C9D0-E1F2-3456-7890-123456A01234}.Debug|x64.Build.0 = Debug|Any CPU
		{A7B8C9D0-E1F2-3456-7890-123456A01234}.Debug|x86.ActiveCfg = Debug|Any CPU
		{A7B8C9D0-E1F2-3456-7890-123456A01234}.Debug|x86.Build.0 = Debug|Any CPU
		{A7B8C9D0-E1F2-3456-7890-123456A01234}.Release|Any CPU.ActiveCfg = Release|Any CPU
		{A7B8C9D0-E1F2-3456-7890-123456A01234}.Release|Any CPU.Build.0 = Release|Any CPU
		{A7B8C9D0-E1F2-3456-7890-123456A01234}.Release|x64.ActiveCfg = Release|Any CPU
		{A7B8C9D0-E1F2-3456-7890-123456A01234}.Release|x64.Build.0 = Release|Any CPU
		{A7B8C9D0-E1F2-3456-7890-123456A01234}.Release|x86.ActiveCfg = Release|Any CPU
		{A7B8C9D0-E1F2-3456-7890-123456A01234}.Release|x86.Build.0 = Release|Any CPU
		{C8D9E0F1-A2B3-4567-8901-234567C23456}.Debug|Any CPU.ActiveCfg = Debug|Any CPU
		{C8D9E0F1-A2B3-4567-8901-234567C23456}.Debug|Any CPU.Build.0 = Debug|Any CPU
		{C8D9E0F1-A2B3-4567-8901-234567C23456}.Debug|x64.ActiveCfg = Debug|Any CPU
		{C8D9E0F1-A2B3-4567-8901-234567C23456}.Debug|x64.Build.0 = Debug|Any CPU
		{C8D9E0F1-A2B3-4567-8901-234567C23456}.Debug|x86.ActiveCfg = Debug|Any CPU
		{C8D9E0F1-A2B3-4567-8901-234567C23456}.Debug|x86.Build.0 = Debug|Any CPU
		{C8D9E0F1-A2B3-4567-8901-234567C23456}.Release|Any CPU.ActiveCfg = Release|Any CPU
		{C8D9E0F1-A2B3-4567-8901-234567C23456}.Release|Any CPU.Build.0 = Release|Any CPU
		{C8D9E0F1-A2B3-4567-8901-234567C23456}.Release|x64.ActiveCfg = Release|Any CPU
		{C8D9E0F1-A2B3-4567-8901-234567C23456}.Release|x64.Build.0 = Release|Any CPU
		{C8D9E0F1-A2B3-4567-8901-234567C23456}.Release|x86.ActiveCfg = Release|Any CPU
		{C8D9E0F1-A2B3-4567-8901-234567C23456}.Release|x86.Build.0 = Release|Any CPU
		{63B77DCC-1D03-4D28-9898-C292EFFFD25B}.Debug|Any CPU.ActiveCfg = Debug|Any CPU
		{63B77DCC-1D03-4D28-9898-C292EFFFD25B}.Debug|Any CPU.Build.0 = Debug|Any CPU
		{63B77DCC-1D03-4D28-9898-C292EFFFD25B}.Debug|x64.ActiveCfg = Debug|Any CPU
		{63B77DCC-1D03-4D28-9898-C292EFFFD25B}.Debug|x64.Build.0 = Debug|Any CPU
		{63B77DCC-1D03-4D28-9898-C292EFFFD25B}.Debug|x86.ActiveCfg = Debug|Any CPU
		{63B77DCC-1D03-4D28-9898-C292EFFFD25B}.Debug|x86.Build.0 = Debug|Any CPU
		{63B77DCC-1D03-4D28-9898-C292EFFFD25B}.Release|Any CPU.ActiveCfg = Release|Any CPU
		{63B77DCC-1D03-4D28-9898-C292EFFFD25B}.Release|Any CPU.Build.0 = Release|Any CPU
		{63B77DCC-1D03-4D28-9898-C292EFFFD25B}.Release|x64.ActiveCfg = Release|Any CPU
		{63B77DCC-1D03-4D28-9898-C292EFFFD25B}.Release|x64.Build.0 = Release|Any CPU
		{63B77DCC-1D03-4D28-9898-C292EFFFD25B}.Release|x86.ActiveCfg = Release|Any CPU
		{63B77DCC-1D03-4D28-9898-C292EFFFD25B}.Release|x86.Build.0 = Release|Any CPU
		{119FB848-DC67-4AE9-855E-10AFAA05D2C4}.Debug|Any CPU.ActiveCfg = Debug|Any CPU
		{119FB848-DC67-4AE9-855E-10AFAA05D2C4}.Debug|Any CPU.Build.0 = Debug|Any CPU
		{119FB848-DC67-4AE9-855E-10AFAA05D2C4}.Debug|x64.ActiveCfg = Debug|Any CPU
		{119FB848-DC67-4AE9-855E-10AFAA05D2C4}.Debug|x64.Build.0 = Debug|Any CPU
		{119FB848-DC67-4AE9-855E-10AFAA05D2C4}.Debug|x86.ActiveCfg = Debug|Any CPU
		{119FB848-DC67-4AE9-855E-10AFAA05D2C4}.Debug|x86.Build.0 = Debug|Any CPU
		{119FB848-DC67-4AE9-855E-10AFAA05D2C4}.Release|Any CPU.ActiveCfg = Release|Any CPU
		{119FB848-DC67-4AE9-855E-10AFAA05D2C4}.Release|Any CPU.Build.0 = Release|Any CPU
		{119FB848-DC67-4AE9-855E-10AFAA05D2C4}.Release|x64.ActiveCfg = Release|Any CPU
		{119FB848-DC67-4AE9-855E-10AFAA05D2C4}.Release|x64.Build.0 = Release|Any CPU
		{119FB848-DC67-4AE9-855E-10AFAA05D2C4}.Release|x86.ActiveCfg = Release|Any CPU
		{119FB848-DC67-4AE9-855E-10AFAA05D2C4}.Release|x86.Build.0 = Release|Any CPU
		{0E7EC89F-C665-490E-9EB1-923668D90727}.Debug|Any CPU.ActiveCfg = Debug|Any CPU
		{0E7EC89F-C665-490E-9EB1-923668D90727}.Debug|Any CPU.Build.0 = Debug|Any CPU
		{0E7EC89F-C665-490E-9EB1-923668D90727}.Debug|x64.ActiveCfg = Debug|Any CPU
		{0E7EC89F-C665-490E-9EB1-923668D90727}.Debug|x64.Build.0 = Debug|Any CPU
		{0E7EC89F-C665-490E-9EB1-923668D90727}.Debug|x86.ActiveCfg = Debug|Any CPU
		{0E7EC89F-C665-490E-9EB1-923668D90727}.Debug|x86.Build.0 = Debug|Any CPU
		{0E7EC89F-C665-490E-9EB1-923668D90727}.Release|Any CPU.ActiveCfg = Release|Any CPU
		{0E7EC89F-C665-490E-9EB1-923668D90727}.Release|Any CPU.Build.0 = Release|Any CPU
		{0E7EC89F-C665-490E-9EB1-923668D90727}.Release|x64.ActiveCfg = Release|Any CPU
		{0E7EC89F-C665-490E-9EB1-923668D90727}.Release|x64.Build.0 = Release|Any CPU
		{0E7EC89F-C665-490E-9EB1-923668D90727}.Release|x86.ActiveCfg = Release|Any CPU
		{0E7EC89F-C665-490E-9EB1-923668D90727}.Release|x86.Build.0 = Release|Any CPU
		{004AA9ED-60C1-456B-B02B-3FE14F1E6B22}.Debug|Any CPU.ActiveCfg = Debug|Any CPU
		{004AA9ED-60C1-456B-B02B-3FE14F1E6B22}.Debug|Any CPU.Build.0 = Debug|Any CPU
		{004AA9ED-60C1-456B-B02B-3FE14F1E6B22}.Debug|x64.ActiveCfg = Debug|Any CPU
		{004AA9ED-60C1-456B-B02B-3FE14F1E6B22}.Debug|x64.Build.0 = Debug|Any CPU
		{004AA9ED-60C1-456B-B02B-3FE14F1E6B22}.Debug|x86.ActiveCfg = Debug|Any CPU
		{004AA9ED-60C1-456B-B02B-3FE14F1E6B22}.Debug|x86.Build.0 = Debug|Any CPU
		{004AA9ED-60C1-456B-B02B-3FE14F1E6B22}.Release|Any CPU.ActiveCfg = Release|Any CPU
		{004AA9ED-60C1-456B-B02B-3FE14F1E6B22}.Release|Any CPU.Build.0 = Release|Any CPU
		{004AA9ED-60C1-456B-B02B-3FE14F1E6B22}.Release|x64.ActiveCfg = Release|Any CPU
		{004AA9ED-60C1-456B-B02B-3FE14F1E6B22}.Release|x64.Build.0 = Release|Any CPU
		{004AA9ED-60C1-456B-B02B-3FE14F1E6B22}.Release|x86.ActiveCfg = Release|Any CPU
		{004AA9ED-60C1-456B-B02B-3FE14F1E6B22}.Release|x86.Build.0 = Release|Any CPU
		{B8C9D0E1-F2A3-4567-8901-234567B12345}.Debug|Any CPU.ActiveCfg = Debug|Any CPU
		{B8C9D0E1-F2A3-4567-8901-234567B12345}.Debug|Any CPU.Build.0 = Debug|Any CPU
		{B8C9D0E1-F2A3-4567-8901-234567B12345}.Debug|x64.ActiveCfg = Debug|Any CPU
		{B8C9D0E1-F2A3-4567-8901-234567B12345}.Debug|x64.Build.0 = Debug|Any CPU
		{B8C9D0E1-F2A3-4567-8901-234567B12345}.Debug|x86.ActiveCfg = Debug|Any CPU
		{B8C9D0E1-F2A3-4567-8901-234567B12345}.Debug|x86.Build.0 = Debug|Any CPU
		{B8C9D0E1-F2A3-4567-8901-234567B12345}.Release|Any CPU.ActiveCfg = Release|Any CPU
		{B8C9D0E1-F2A3-4567-8901-234567B12345}.Release|Any CPU.Build.0 = Release|Any CPU
		{B8C9D0E1-F2A3-4567-8901-234567B12345}.Release|x64.ActiveCfg = Release|Any CPU
		{B8C9D0E1-F2A3-4567-8901-234567B12345}.Release|x64.Build.0 = Release|Any CPU
		{B8C9D0E1-F2A3-4567-8901-234567B12345}.Release|x86.ActiveCfg = Release|Any CPU
		{B8C9D0E1-F2A3-4567-8901-234567B12345}.Release|x86.Build.0 = Release|Any CPU
		{E8F9A0B1-C2D3-4567-8901-234567E23456}.Debug|Any CPU.ActiveCfg = Debug|Any CPU
		{E8F9A0B1-C2D3-4567-8901-234567E23456}.Debug|Any CPU.Build.0 = Debug|Any CPU
		{E8F9A0B1-C2D3-4567-8901-234567E23456}.Debug|x64.ActiveCfg = Debug|Any CPU
		{E8F9A0B1-C2D3-4567-8901-234567E23456}.Debug|x64.Build.0 = Debug|Any CPU
		{E8F9A0B1-C2D3-4567-8901-234567E23456}.Debug|x86.ActiveCfg = Debug|Any CPU
		{E8F9A0B1-C2D3-4567-8901-234567E23456}.Debug|x86.Build.0 = Debug|Any CPU
		{E8F9A0B1-C2D3-4567-8901-234567E23456}.Release|Any CPU.ActiveCfg = Release|Any CPU
		{E8F9A0B1-C2D3-4567-8901-234567E23456}.Release|Any CPU.Build.0 = Release|Any CPU
		{E8F9A0B1-C2D3-4567-8901-234567E23456}.Release|x64.ActiveCfg = Release|Any CPU
		{E8F9A0B1-C2D3-4567-8901-234567E23456}.Release|x64.Build.0 = Release|Any CPU
		{E8F9A0B1-C2D3-4567-8901-234567E23456}.Release|x86.ActiveCfg = Release|Any CPU
		{E8F9A0B1-C2D3-4567-8901-234567E23456}.Release|x86.Build.0 = Release|Any CPU
		{6B29825A-A9AC-178E-F693-39B09A98197E}.Debug|Any CPU.ActiveCfg = Debug|Any CPU
		{6B29825A-A9AC-178E-F693-39B09A98197E}.Debug|Any CPU.Build.0 = Debug|Any CPU
		{6B29825A-A9AC-178E-F693-39B09A98197E}.Debug|x64.ActiveCfg = Debug|Any CPU
		{6B29825A-A9AC-178E-F693-39B09A98197E}.Debug|x64.Build.0 = Debug|Any CPU
		{6B29825A-A9AC-178E-F693-39B09A98197E}.Debug|x86.ActiveCfg = Debug|Any CPU
		{6B29825A-A9AC-178E-F693-39B09A98197E}.Debug|x86.Build.0 = Debug|Any CPU
		{6B29825A-A9AC-178E-F693-39B09A98197E}.Release|Any CPU.ActiveCfg = Release|Any CPU
		{6B29825A-A9AC-178E-F693-39B09A98197E}.Release|Any CPU.Build.0 = Release|Any CPU
		{6B29825A-A9AC-178E-F693-39B09A98197E}.Release|x64.ActiveCfg = Release|Any CPU
		{6B29825A-A9AC-178E-F693-39B09A98197E}.Release|x64.Build.0 = Release|Any CPU
		{6B29825A-A9AC-178E-F693-39B09A98197E}.Release|x86.ActiveCfg = Release|Any CPU
		{6B29825A-A9AC-178E-F693-39B09A98197E}.Release|x86.Build.0 = Release|Any CPU
		{3E4F5A6B-7C8D-9E0F-1A2B-C3D4E5F67890}.Debug|Any CPU.ActiveCfg = Debug|Any CPU
		{3E4F5A6B-7C8D-9E0F-1A2B-C3D4E5F67890}.Debug|Any CPU.Build.0 = Debug|Any CPU
		{3E4F5A6B-7C8D-9E0F-1A2B-C3D4E5F67890}.Debug|x64.ActiveCfg = Debug|Any CPU
		{3E4F5A6B-7C8D-9E0F-1A2B-C3D4E5F67890}.Debug|x64.Build.0 = Debug|Any CPU
		{3E4F5A6B-7C8D-9E0F-1A2B-C3D4E5F67890}.Debug|x86.ActiveCfg = Debug|Any CPU
		{3E4F5A6B-7C8D-9E0F-1A2B-C3D4E5F67890}.Debug|x86.Build.0 = Debug|Any CPU
		{3E4F5A6B-7C8D-9E0F-1A2B-C3D4E5F67890}.Release|Any CPU.ActiveCfg = Release|Any CPU
		{3E4F5A6B-7C8D-9E0F-1A2B-C3D4E5F67890}.Release|Any CPU.Build.0 = Release|Any CPU
		{3E4F5A6B-7C8D-9E0F-1A2B-C3D4E5F67890}.Release|x64.ActiveCfg = Release|Any CPU
		{3E4F5A6B-7C8D-9E0F-1A2B-C3D4E5F67890}.Release|x64.Build.0 = Release|Any CPU
		{3E4F5A6B-7C8D-9E0F-1A2B-C3D4E5F67890}.Release|x86.ActiveCfg = Release|Any CPU
		{3E4F5A6B-7C8D-9E0F-1A2B-C3D4E5F67890}.Release|x86.Build.0 = Release|Any CPU
		{001EB521-1BDB-4C8C-891A-5C66ED9C93D0}.Debug|Any CPU.ActiveCfg = Debug|Any CPU
		{001EB521-1BDB-4C8C-891A-5C66ED9C93D0}.Debug|Any CPU.Build.0 = Debug|Any CPU
		{001EB521-1BDB-4C8C-891A-5C66ED9C93D0}.Debug|x64.ActiveCfg = Debug|Any CPU
		{001EB521-1BDB-4C8C-891A-5C66ED9C93D0}.Debug|x64.Build.0 = Debug|Any CPU
		{001EB521-1BDB-4C8C-891A-5C66ED9C93D0}.Debug|x86.ActiveCfg = Debug|Any CPU
		{001EB521-1BDB-4C8C-891A-5C66ED9C93D0}.Debug|x86.Build.0 = Debug|Any CPU
		{001EB521-1BDB-4C8C-891A-5C66ED9C93D0}.Release|Any CPU.ActiveCfg = Release|Any CPU
		{001EB521-1BDB-4C8C-891A-5C66ED9C93D0}.Release|Any CPU.Build.0 = Release|Any CPU
		{001EB521-1BDB-4C8C-891A-5C66ED9C93D0}.Release|x64.ActiveCfg = Release|Any CPU
		{001EB521-1BDB-4C8C-891A-5C66ED9C93D0}.Release|x64.Build.0 = Release|Any CPU
		{001EB521-1BDB-4C8C-891A-5C66ED9C93D0}.Release|x86.ActiveCfg = Release|Any CPU
		{001EB521-1BDB-4C8C-891A-5C66ED9C93D0}.Release|x86.Build.0 = Release|Any CPU
	EndGlobalSection
	GlobalSection(SolutionProperties) = preSolution
		HideSolutionNode = FALSE
	EndGlobalSection
	GlobalSection(NestedProjects) = preSolution
		{F4529B8C-30F1-4D47-B3D2-E8A3AF8C6E42} = {B8C07D80-D3D4-4CF7-BE09-EB8F8A0997B6}
		{3C1B5E7D-4F2A-4B9C-8D1E-F0A2B3C4D5E6} = {B8C07D80-D3D4-4CF7-BE09-EB8F8A0997B6}
		{D0E18E91-F5F6-6EB9-D01B-AD0F0C2119D8} = {B8C07D80-D3D4-4CF7-BE09-EB8F8A0997B6}
		{8A2B3C4D-5E6F-7890-1234-567890BCDEF1} = {B8C07D80-D3D4-4CF7-BE09-EB8F8A0997B6}
		{37D46098-A5E7-083B-E127-710387E4F3D6} = {F2A3B4C5-D6E7-8901-2345-678901F56789}
		{CC9B120C-1FF3-033C-A18D-E21CB9500133} = {F2A3B4C5-D6E7-8901-2345-678901F56789}
		{8C2D4E5F-1A3B-7C8D-9E2F-0B3C4D5E6F70} = {F2A3B4C5-D6E7-8901-2345-678901F56789}
		{A1B2C3D4-E5F6-7890-1234-567890ABCDEF} = {F4529B8C-30F1-4D47-B3D2-E8A3AF8C6E42}
		{B2C3D4E5-F6A7-8901-2345-678901BCDEF0} = {F4529B8C-30F1-4D47-B3D2-E8A3AF8C6E42}
		{D4E5F6A7-B8C9-0123-4567-890123DEF012} = {F4529B8C-30F1-4D47-B3D2-E8A3AF8C6E42}
		{C3D4E5F6-A7B8-9012-3456-789012CDEF01} = {3C1B5E7D-4F2A-4B9C-8D1E-F0A2B3C4D5E6}
		{E5F6A7B8-C9D0-1234-5678-901234EF0123} = {3C1B5E7D-4F2A-4B9C-8D1E-F0A2B3C4D5E6}
		{D4F9E2DE-FFC8-417F-BE9A-3695BC8D2DD4} = {3C1B5E7D-4F2A-4B9C-8D1E-F0A2B3C4D5E6}
		{A7B8C9D0-E1F2-3456-7890-123456A01234} = {D0E18E91-F5F6-6EB9-D01B-AD0F0C2119D8}
		{C8D9E0F1-A2B3-4567-8901-234567C23456} = {D0E18E91-F5F6-6EB9-D01B-AD0F0C2119D8}
		{63B77DCC-1D03-4D28-9898-C292EFFFD25B} = {D0E18E91-F5F6-6EB9-D01B-AD0F0C2119D8}
		{119FB848-DC67-4AE9-855E-10AFAA05D2C4} = {8A2B3C4D-5E6F-7890-1234-567890BCDEF1}
		{0E7EC89F-C665-490E-9EB1-923668D90727} = {37D46098-A5E7-083B-E127-710387E4F3D6}
		{004AA9ED-60C1-456B-B02B-3FE14F1E6B22} = {37D46098-A5E7-083B-E127-710387E4F3D6}
		{B8C9D0E1-F2A3-4567-8901-234567B12345} = {37D46098-A5E7-083B-E127-710387E4F3D6}
		{E8F9A0B1-C2D3-4567-8901-234567E23456} = {8C2D4E5F-1A3B-7C8D-9E2F-0B3C4D5E6F70}
		{6B29825A-A9AC-178E-F693-39B09A98197E} = {8C2D4E5F-1A3B-7C8D-9E2F-0B3C4D5E6F70}
		{3E4F5A6B-7C8D-9E0F-1A2B-C3D4E5F67890} = {1A2B3C4D-5E6F-7890-ABCD-EF1234567890}
		{001EB521-1BDB-4C8C-891A-5C66ED9C93D0} = {CC9B120C-1FF3-033C-A18D-E21CB9500133}
	EndGlobalSection
	GlobalSection(ExtensibilityGlobals) = postSolution
		SolutionGuid = {C5D6E7F8-A9B0-1234-5678-901234C89012}
	EndGlobalSection
EndGlobal
